// !$*UTF8*$!
{
	archiveVersion = 1;
	classes = {
	};
	objectVersion = 51;
	objects = {

/* Begin PBXBuildFile section */
		04643C351E847C23F6577931 /* Pods_MytineraryUITests.framework in Frameworks */ = {isa = PBXBuildFile; fileRef = E49E5CF74D83A7C35B144F7A /* Pods_MytineraryUITests.framework */; };
		06B8D04C40E1C9F29C166801 /* Pods_Mytinerary.framework in Frameworks */ = {isa = PBXBuildFile; fileRef = 9FBBF0DECFB9E3F7EDAD49EC /* Pods_Mytinerary.framework */; };
		23F5A9E922DFE59A0084086B /* InputItineraryViewController.m in Sources */ = {isa = PBXBuildFile; fileRef = 23F5A9E822DFE59A0084086B /* InputItineraryViewController.m */; };
		8448C0F522DFA2C800427FB2 /* User.m in Sources */ = {isa = PBXBuildFile; fileRef = 8448C0EF22DFA2C800427FB2 /* User.m */; };
		8448C0F622DFA2C800427FB2 /* Itinerary.m in Sources */ = {isa = PBXBuildFile; fileRef = 8448C0F122DFA2C800427FB2 /* Itinerary.m */; };
		8448C0F722DFA2C800427FB2 /* Event.m in Sources */ = {isa = PBXBuildFile; fileRef = 8448C0F222DFA2C800427FB2 /* Event.m */; };
		8495D7A922DE8BDD00CFED2D /* LoginViewController.m in Sources */ = {isa = PBXBuildFile; fileRef = 8495D7A822DE8BDD00CFED2D /* LoginViewController.m */; };
		8495D7AE22DE991B00CFED2D /* ProfileViewController.m in Sources */ = {isa = PBXBuildFile; fileRef = 8495D7AD22DE991B00CFED2D /* ProfileViewController.m */; };
		8495D7B122DF879600CFED2D /* ItineraryCollectionViewCell.m in Sources */ = {isa = PBXBuildFile; fileRef = 8495D7B022DF879600CFED2D /* ItineraryCollectionViewCell.m */; };
		C628AEE5E20C9C7409D9B734 /* Pods_MytineraryTests.framework in Frameworks */ = {isa = PBXBuildFile; fileRef = 58B8F33A939BCC86C8C98935 /* Pods_MytineraryTests.framework */; };
		FF6C5EF922DE640200D0EB83 /* AppDelegate.m in Sources */ = {isa = PBXBuildFile; fileRef = FF6C5EF822DE640200D0EB83 /* AppDelegate.m */; };
		FF6C5EFC22DE640200D0EB83 /* ViewController.m in Sources */ = {isa = PBXBuildFile; fileRef = FF6C5EFB22DE640200D0EB83 /* ViewController.m */; };
		FF6C5EFF22DE640200D0EB83 /* Main.storyboard in Resources */ = {isa = PBXBuildFile; fileRef = FF6C5EFD22DE640200D0EB83 /* Main.storyboard */; };
		FF6C5F0122DE640200D0EB83 /* Assets.xcassets in Resources */ = {isa = PBXBuildFile; fileRef = FF6C5F0022DE640200D0EB83 /* Assets.xcassets */; };
		FF6C5F0422DE640200D0EB83 /* LaunchScreen.storyboard in Resources */ = {isa = PBXBuildFile; fileRef = FF6C5F0222DE640200D0EB83 /* LaunchScreen.storyboard */; };
		FF6C5F0722DE640200D0EB83 /* main.m in Sources */ = {isa = PBXBuildFile; fileRef = FF6C5F0622DE640200D0EB83 /* main.m */; };
		FF6C5F1122DE640300D0EB83 /* MytineraryTests.m in Sources */ = {isa = PBXBuildFile; fileRef = FF6C5F1022DE640300D0EB83 /* MytineraryTests.m */; };
		FF6C5F1C22DE640300D0EB83 /* MytineraryUITests.m in Sources */ = {isa = PBXBuildFile; fileRef = FF6C5F1B22DE640300D0EB83 /* MytineraryUITests.m */; };
		FF6C5F2E22DE868D00D0EB83 /* DailyCalendarViewController.m in Sources */ = {isa = PBXBuildFile; fileRef = FF6C5F2D22DE868D00D0EB83 /* DailyCalendarViewController.m */; };
		FF6C5F3522DE8B8900D0EB83 /* DailyTableViewCell.m in Sources */ = {isa = PBXBuildFile; fileRef = FF6C5F3422DE8B8900D0EB83 /* DailyTableViewCell.m */; };
/* End PBXBuildFile section */

/* Begin PBXContainerItemProxy section */
		FF6C5F0D22DE640300D0EB83 /* PBXContainerItemProxy */ = {
			isa = PBXContainerItemProxy;
			containerPortal = FF6C5EEC22DE640200D0EB83 /* Project object */;
			proxyType = 1;
			remoteGlobalIDString = FF6C5EF322DE640200D0EB83;
			remoteInfo = Mytinerary;
		};
		FF6C5F1822DE640300D0EB83 /* PBXContainerItemProxy */ = {
			isa = PBXContainerItemProxy;
			containerPortal = FF6C5EEC22DE640200D0EB83 /* Project object */;
			proxyType = 1;
			remoteGlobalIDString = FF6C5EF322DE640200D0EB83;
			remoteInfo = Mytinerary;
		};
/* End PBXContainerItemProxy section */

/* Begin PBXFileReference section */
		23F5A9E722DFE59A0084086B /* InputItineraryViewController.h */ = {isa = PBXFileReference; lastKnownFileType = sourcecode.c.h; path = InputItineraryViewController.h; sourceTree = "<group>"; };
		23F5A9E822DFE59A0084086B /* InputItineraryViewController.m */ = {isa = PBXFileReference; lastKnownFileType = sourcecode.c.objc; path = InputItineraryViewController.m; sourceTree = "<group>"; };
		58B8F33A939BCC86C8C98935 /* Pods_MytineraryTests.framework */ = {isa = PBXFileReference; explicitFileType = wrapper.framework; includeInIndex = 0; path = Pods_MytineraryTests.framework; sourceTree = BUILT_PRODUCTS_DIR; };
		8448C0EF22DFA2C800427FB2 /* User.m */ = {isa = PBXFileReference; fileEncoding = 4; lastKnownFileType = sourcecode.c.objc; path = User.m; sourceTree = "<group>"; };
		8448C0F022DFA2C800427FB2 /* Event.h */ = {isa = PBXFileReference; fileEncoding = 4; lastKnownFileType = sourcecode.c.h; path = Event.h; sourceTree = "<group>"; };
		8448C0F122DFA2C800427FB2 /* Itinerary.m */ = {isa = PBXFileReference; fileEncoding = 4; lastKnownFileType = sourcecode.c.objc; path = Itinerary.m; sourceTree = "<group>"; };
		8448C0F222DFA2C800427FB2 /* Event.m */ = {isa = PBXFileReference; fileEncoding = 4; lastKnownFileType = sourcecode.c.objc; path = Event.m; sourceTree = "<group>"; };
		8448C0F322DFA2C800427FB2 /* User.h */ = {isa = PBXFileReference; fileEncoding = 4; lastKnownFileType = sourcecode.c.h; path = User.h; sourceTree = "<group>"; };
		8448C0F422DFA2C800427FB2 /* Itinerary.h */ = {isa = PBXFileReference; fileEncoding = 4; lastKnownFileType = sourcecode.c.h; path = Itinerary.h; sourceTree = "<group>"; };
		8495D7A722DE8BDD00CFED2D /* LoginViewController.h */ = {isa = PBXFileReference; lastKnownFileType = sourcecode.c.h; path = LoginViewController.h; sourceTree = "<group>"; };
		8495D7A822DE8BDD00CFED2D /* LoginViewController.m */ = {isa = PBXFileReference; lastKnownFileType = sourcecode.c.objc; path = LoginViewController.m; sourceTree = "<group>"; };
		8495D7AC22DE991B00CFED2D /* ProfileViewController.h */ = {isa = PBXFileReference; lastKnownFileType = sourcecode.c.h; path = ProfileViewController.h; sourceTree = "<group>"; };
		8495D7AD22DE991B00CFED2D /* ProfileViewController.m */ = {isa = PBXFileReference; lastKnownFileType = sourcecode.c.objc; path = ProfileViewController.m; sourceTree = "<group>"; };
		8495D7AF22DF879600CFED2D /* ItineraryCollectionViewCell.h */ = {isa = PBXFileReference; lastKnownFileType = sourcecode.c.h; path = ItineraryCollectionViewCell.h; sourceTree = "<group>"; };
		8495D7B022DF879600CFED2D /* ItineraryCollectionViewCell.m */ = {isa = PBXFileReference; lastKnownFileType = sourcecode.c.objc; path = ItineraryCollectionViewCell.m; sourceTree = "<group>"; };
		916214B740DE6507D8D4D3D1 /* Pods-Mytinerary.release.xcconfig */ = {isa = PBXFileReference; includeInIndex = 1; lastKnownFileType = text.xcconfig; name = "Pods-Mytinerary.release.xcconfig"; path = "Target Support Files/Pods-Mytinerary/Pods-Mytinerary.release.xcconfig"; sourceTree = "<group>"; };
		9623E20F6DCE89BAA631B91F /* Pods-Mytinerary.debug.xcconfig */ = {isa = PBXFileReference; includeInIndex = 1; lastKnownFileType = text.xcconfig; name = "Pods-Mytinerary.debug.xcconfig"; path = "Target Support Files/Pods-Mytinerary/Pods-Mytinerary.debug.xcconfig"; sourceTree = "<group>"; };
		9E1EB98CBB8F81D6B8432720 /* Pods-MytineraryUITests.release.xcconfig */ = {isa = PBXFileReference; includeInIndex = 1; lastKnownFileType = text.xcconfig; name = "Pods-MytineraryUITests.release.xcconfig"; path = "Target Support Files/Pods-MytineraryUITests/Pods-MytineraryUITests.release.xcconfig"; sourceTree = "<group>"; };
		9FBBF0DECFB9E3F7EDAD49EC /* Pods_Mytinerary.framework */ = {isa = PBXFileReference; explicitFileType = wrapper.framework; includeInIndex = 0; path = Pods_Mytinerary.framework; sourceTree = BUILT_PRODUCTS_DIR; };
		A15B0DC2E73970253313AB4D /* Pods-MytineraryTests.release.xcconfig */ = {isa = PBXFileReference; includeInIndex = 1; lastKnownFileType = text.xcconfig; name = "Pods-MytineraryTests.release.xcconfig"; path = "Target Support Files/Pods-MytineraryTests/Pods-MytineraryTests.release.xcconfig"; sourceTree = "<group>"; };
		A79C438CDB5AA7C703E473D4 /* Pods-MytineraryUITests.debug.xcconfig */ = {isa = PBXFileReference; includeInIndex = 1; lastKnownFileType = text.xcconfig; name = "Pods-MytineraryUITests.debug.xcconfig"; path = "Target Support Files/Pods-MytineraryUITests/Pods-MytineraryUITests.debug.xcconfig"; sourceTree = "<group>"; };
		D62311D88DD929F67D92DCA2 /* Pods-MytineraryTests.debug.xcconfig */ = {isa = PBXFileReference; includeInIndex = 1; lastKnownFileType = text.xcconfig; name = "Pods-MytineraryTests.debug.xcconfig"; path = "Target Support Files/Pods-MytineraryTests/Pods-MytineraryTests.debug.xcconfig"; sourceTree = "<group>"; };
		E49E5CF74D83A7C35B144F7A /* Pods_MytineraryUITests.framework */ = {isa = PBXFileReference; explicitFileType = wrapper.framework; includeInIndex = 0; path = Pods_MytineraryUITests.framework; sourceTree = BUILT_PRODUCTS_DIR; };
		FF6C5EF422DE640200D0EB83 /* Mytinerary.app */ = {isa = PBXFileReference; explicitFileType = wrapper.application; includeInIndex = 0; path = Mytinerary.app; sourceTree = BUILT_PRODUCTS_DIR; };
		FF6C5EF722DE640200D0EB83 /* AppDelegate.h */ = {isa = PBXFileReference; lastKnownFileType = sourcecode.c.h; path = AppDelegate.h; sourceTree = "<group>"; };
		FF6C5EF822DE640200D0EB83 /* AppDelegate.m */ = {isa = PBXFileReference; lastKnownFileType = sourcecode.c.objc; path = AppDelegate.m; sourceTree = "<group>"; };
		FF6C5EFA22DE640200D0EB83 /* ViewController.h */ = {isa = PBXFileReference; lastKnownFileType = sourcecode.c.h; path = ViewController.h; sourceTree = "<group>"; };
		FF6C5EFB22DE640200D0EB83 /* ViewController.m */ = {isa = PBXFileReference; lastKnownFileType = sourcecode.c.objc; path = ViewController.m; sourceTree = "<group>"; };
		FF6C5EFE22DE640200D0EB83 /* Base */ = {isa = PBXFileReference; lastKnownFileType = file.storyboard; name = Base; path = Base.lproj/Main.storyboard; sourceTree = "<group>"; };
		FF6C5F0022DE640200D0EB83 /* Assets.xcassets */ = {isa = PBXFileReference; lastKnownFileType = folder.assetcatalog; path = Assets.xcassets; sourceTree = "<group>"; };
		FF6C5F0322DE640200D0EB83 /* Base */ = {isa = PBXFileReference; lastKnownFileType = file.storyboard; name = Base; path = Base.lproj/LaunchScreen.storyboard; sourceTree = "<group>"; };
		FF6C5F0522DE640200D0EB83 /* Info.plist */ = {isa = PBXFileReference; lastKnownFileType = text.plist.xml; path = Info.plist; sourceTree = "<group>"; };
		FF6C5F0622DE640200D0EB83 /* main.m */ = {isa = PBXFileReference; lastKnownFileType = sourcecode.c.objc; path = main.m; sourceTree = "<group>"; };
		FF6C5F0C22DE640300D0EB83 /* MytineraryTests.xctest */ = {isa = PBXFileReference; explicitFileType = wrapper.cfbundle; includeInIndex = 0; path = MytineraryTests.xctest; sourceTree = BUILT_PRODUCTS_DIR; };
		FF6C5F1022DE640300D0EB83 /* MytineraryTests.m */ = {isa = PBXFileReference; lastKnownFileType = sourcecode.c.objc; path = MytineraryTests.m; sourceTree = "<group>"; };
		FF6C5F1222DE640300D0EB83 /* Info.plist */ = {isa = PBXFileReference; lastKnownFileType = text.plist.xml; path = Info.plist; sourceTree = "<group>"; };
		FF6C5F1722DE640300D0EB83 /* MytineraryUITests.xctest */ = {isa = PBXFileReference; explicitFileType = wrapper.cfbundle; includeInIndex = 0; path = MytineraryUITests.xctest; sourceTree = BUILT_PRODUCTS_DIR; };
		FF6C5F1B22DE640300D0EB83 /* MytineraryUITests.m */ = {isa = PBXFileReference; lastKnownFileType = sourcecode.c.objc; path = MytineraryUITests.m; sourceTree = "<group>"; };
		FF6C5F1D22DE640300D0EB83 /* Info.plist */ = {isa = PBXFileReference; lastKnownFileType = text.plist.xml; path = Info.plist; sourceTree = "<group>"; };
		FF6C5F2C22DE868D00D0EB83 /* DailyCalendarViewController.h */ = {isa = PBXFileReference; lastKnownFileType = sourcecode.c.h; path = DailyCalendarViewController.h; sourceTree = "<group>"; };
		FF6C5F2D22DE868D00D0EB83 /* DailyCalendarViewController.m */ = {isa = PBXFileReference; lastKnownFileType = sourcecode.c.objc; path = DailyCalendarViewController.m; sourceTree = "<group>"; };
		FF6C5F3322DE8B8900D0EB83 /* DailyTableViewCell.h */ = {isa = PBXFileReference; lastKnownFileType = sourcecode.c.h; path = DailyTableViewCell.h; sourceTree = "<group>"; };
		FF6C5F3422DE8B8900D0EB83 /* DailyTableViewCell.m */ = {isa = PBXFileReference; lastKnownFileType = sourcecode.c.objc; path = DailyTableViewCell.m; sourceTree = "<group>"; };
/* End PBXFileReference section */

/* Begin PBXFrameworksBuildPhase section */
		FF6C5EF122DE640200D0EB83 /* Frameworks */ = {
			isa = PBXFrameworksBuildPhase;
			buildActionMask = 2147483647;
			files = (
				06B8D04C40E1C9F29C166801 /* Pods_Mytinerary.framework in Frameworks */,
			);
			runOnlyForDeploymentPostprocessing = 0;
		};
		FF6C5F0922DE640300D0EB83 /* Frameworks */ = {
			isa = PBXFrameworksBuildPhase;
			buildActionMask = 2147483647;
			files = (
				C628AEE5E20C9C7409D9B734 /* Pods_MytineraryTests.framework in Frameworks */,
			);
			runOnlyForDeploymentPostprocessing = 0;
		};
		FF6C5F1422DE640300D0EB83 /* Frameworks */ = {
			isa = PBXFrameworksBuildPhase;
			buildActionMask = 2147483647;
			files = (
				04643C351E847C23F6577931 /* Pods_MytineraryUITests.framework in Frameworks */,
			);
			runOnlyForDeploymentPostprocessing = 0;
		};
/* End PBXFrameworksBuildPhase section */

/* Begin PBXGroup section */
		6E41998CE8EA405ABF1B9988 /* Frameworks */ = {
			isa = PBXGroup;
			children = (
				9FBBF0DECFB9E3F7EDAD49EC /* Pods_Mytinerary.framework */,
				58B8F33A939BCC86C8C98935 /* Pods_MytineraryTests.framework */,
				E49E5CF74D83A7C35B144F7A /* Pods_MytineraryUITests.framework */,
			);
			name = Frameworks;
			sourceTree = "<group>";
		};
		8448C0EE22DFA2C800427FB2 /* Models */ = {
			isa = PBXGroup;
			children = (
				8448C0EF22DFA2C800427FB2 /* User.m */,
				8448C0F022DFA2C800427FB2 /* Event.h */,
				8448C0F122DFA2C800427FB2 /* Itinerary.m */,
				8448C0F222DFA2C800427FB2 /* Event.m */,
				8448C0F322DFA2C800427FB2 /* User.h */,
				8448C0F422DFA2C800427FB2 /* Itinerary.h */,
			);
			path = Models;
			sourceTree = "<group>";
		};
		8495D7AB22DE8C1400CFED2D /* Controller */ = {
			isa = PBXGroup;
			children = (
				FF6C5EFA22DE640200D0EB83 /* ViewController.h */,
				FF6C5EFB22DE640200D0EB83 /* ViewController.m */,
				8495D7AC22DE991B00CFED2D /* ProfileViewController.h */,
				8495D7AD22DE991B00CFED2D /* ProfileViewController.m */,
				8495D7A722DE8BDD00CFED2D /* LoginViewController.h */,
				8495D7A822DE8BDD00CFED2D /* LoginViewController.m */,
			);
			path = Controller;
			sourceTree = "<group>";
		};
		D7610695D09E61754239C1A7 /* Pods */ = {
			isa = PBXGroup;
			children = (
				9623E20F6DCE89BAA631B91F /* Pods-Mytinerary.debug.xcconfig */,
				916214B740DE6507D8D4D3D1 /* Pods-Mytinerary.release.xcconfig */,
				D62311D88DD929F67D92DCA2 /* Pods-MytineraryTests.debug.xcconfig */,
				A15B0DC2E73970253313AB4D /* Pods-MytineraryTests.release.xcconfig */,
				A79C438CDB5AA7C703E473D4 /* Pods-MytineraryUITests.debug.xcconfig */,
				9E1EB98CBB8F81D6B8432720 /* Pods-MytineraryUITests.release.xcconfig */,
			);
			path = Pods;
			sourceTree = "<group>";
		};
		FF6C5EEB22DE640200D0EB83 = {
			isa = PBXGroup;
			children = (
				FF6C5EF622DE640200D0EB83 /* Mytinerary */,
				FF6C5F0F22DE640300D0EB83 /* MytineraryTests */,
				FF6C5F1A22DE640300D0EB83 /* MytineraryUITests */,
				FF6C5EF522DE640200D0EB83 /* Products */,
				D7610695D09E61754239C1A7 /* Pods */,
				6E41998CE8EA405ABF1B9988 /* Frameworks */,
			);
			sourceTree = "<group>";
		};
		FF6C5EF522DE640200D0EB83 /* Products */ = {
			isa = PBXGroup;
			children = (
				FF6C5EF422DE640200D0EB83 /* Mytinerary.app */,
				FF6C5F0C22DE640300D0EB83 /* MytineraryTests.xctest */,
				FF6C5F1722DE640300D0EB83 /* MytineraryUITests.xctest */,
			);
			name = Products;
			sourceTree = "<group>";
		};
		FF6C5EF622DE640200D0EB83 /* Mytinerary */ = {
			isa = PBXGroup;
			children = (
				FF6C5EF722DE640200D0EB83 /* AppDelegate.h */,
				FF6C5EF822DE640200D0EB83 /* AppDelegate.m */,
				FF6C5F2F22DE8B1900D0EB83 /* Views */,
				FF6C5F2B22DE865400D0EB83 /* View Controllers */,
				8495D7AF22DF879600CFED2D /* ItineraryCollectionViewCell.h */,
				8495D7B022DF879600CFED2D /* ItineraryCollectionViewCell.m */,
				8448C0EE22DFA2C800427FB2 /* Models */,
				8495D7AB22DE8C1400CFED2D /* Controller */,
				FF6C5EFD22DE640200D0EB83 /* Main.storyboard */,
				FF6C5F0022DE640200D0EB83 /* Assets.xcassets */,
				FF6C5F0222DE640200D0EB83 /* LaunchScreen.storyboard */,
				FF6C5F0522DE640200D0EB83 /* Info.plist */,
				FF6C5F0622DE640200D0EB83 /* main.m */,
			);
			path = Mytinerary;
			sourceTree = "<group>";
		};
		FF6C5F0F22DE640300D0EB83 /* MytineraryTests */ = {
			isa = PBXGroup;
			children = (
				FF6C5F1022DE640300D0EB83 /* MytineraryTests.m */,
				FF6C5F1222DE640300D0EB83 /* Info.plist */,
			);
			path = MytineraryTests;
			sourceTree = "<group>";
		};
		FF6C5F1A22DE640300D0EB83 /* MytineraryUITests */ = {
			isa = PBXGroup;
			children = (
				FF6C5F1B22DE640300D0EB83 /* MytineraryUITests.m */,
				FF6C5F1D22DE640300D0EB83 /* Info.plist */,
			);
			path = MytineraryUITests;
			sourceTree = "<group>";
		};
		FF6C5F2B22DE865400D0EB83 /* View Controllers */ = {
			isa = PBXGroup;
			children = (
				FF6C5F2C22DE868D00D0EB83 /* DailyCalendarViewController.h */,
				FF6C5F2D22DE868D00D0EB83 /* DailyCalendarViewController.m */,
				23F5A9E722DFE59A0084086B /* InputItineraryViewController.h */,
				23F5A9E822DFE59A0084086B /* InputItineraryViewController.m */,
			);
			path = "View Controllers";
			sourceTree = "<group>";
		};
		FF6C5F2F22DE8B1900D0EB83 /* Views */ = {
			isa = PBXGroup;
			children = (
				FF6C5F3322DE8B8900D0EB83 /* DailyTableViewCell.h */,
				FF6C5F3422DE8B8900D0EB83 /* DailyTableViewCell.m */,
			);
			path = Views;
			sourceTree = "<group>";
		};
/* End PBXGroup section */

/* Begin PBXNativeTarget section */
		FF6C5EF322DE640200D0EB83 /* Mytinerary */ = {
			isa = PBXNativeTarget;
			buildConfigurationList = FF6C5F2022DE640300D0EB83 /* Build configuration list for PBXNativeTarget "Mytinerary" */;
			buildPhases = (
				D37B5B163F7E817AB3C2BA9F /* [CP] Check Pods Manifest.lock */,
				FF6C5EF022DE640200D0EB83 /* Sources */,
				FF6C5EF122DE640200D0EB83 /* Frameworks */,
				FF6C5EF222DE640200D0EB83 /* Resources */,
				B1D23803AE6F8FD5E775C305 /* [CP] Embed Pods Frameworks */,
			);
			buildRules = (
			);
			dependencies = (
			);
			name = Mytinerary;
			productName = Mytinerary;
			productReference = FF6C5EF422DE640200D0EB83 /* Mytinerary.app */;
			productType = "com.apple.product-type.application";
		};
		FF6C5F0B22DE640300D0EB83 /* MytineraryTests */ = {
			isa = PBXNativeTarget;
			buildConfigurationList = FF6C5F2322DE640300D0EB83 /* Build configuration list for PBXNativeTarget "MytineraryTests" */;
			buildPhases = (
				60A7897F05ABD3CCFF5424AD /* [CP] Check Pods Manifest.lock */,
				FF6C5F0822DE640300D0EB83 /* Sources */,
				FF6C5F0922DE640300D0EB83 /* Frameworks */,
				FF6C5F0A22DE640300D0EB83 /* Resources */,
			);
			buildRules = (
			);
			dependencies = (
				FF6C5F0E22DE640300D0EB83 /* PBXTargetDependency */,
			);
			name = MytineraryTests;
			productName = MytineraryTests;
			productReference = FF6C5F0C22DE640300D0EB83 /* MytineraryTests.xctest */;
			productType = "com.apple.product-type.bundle.unit-test";
		};
		FF6C5F1622DE640300D0EB83 /* MytineraryUITests */ = {
			isa = PBXNativeTarget;
			buildConfigurationList = FF6C5F2622DE640300D0EB83 /* Build configuration list for PBXNativeTarget "MytineraryUITests" */;
			buildPhases = (
				498F3DA688477A00C6E6DACA /* [CP] Check Pods Manifest.lock */,
				FF6C5F1322DE640300D0EB83 /* Sources */,
				FF6C5F1422DE640300D0EB83 /* Frameworks */,
				FF6C5F1522DE640300D0EB83 /* Resources */,
			);
			buildRules = (
			);
			dependencies = (
				FF6C5F1922DE640300D0EB83 /* PBXTargetDependency */,
			);
			name = MytineraryUITests;
			productName = MytineraryUITests;
			productReference = FF6C5F1722DE640300D0EB83 /* MytineraryUITests.xctest */;
			productType = "com.apple.product-type.bundle.ui-testing";
		};
/* End PBXNativeTarget section */

/* Begin PBXProject section */
		FF6C5EEC22DE640200D0EB83 /* Project object */ = {
			isa = PBXProject;
			attributes = {
				LastUpgradeCheck = 1020;
				ORGANIZATIONNAME = michaelvargas;
				TargetAttributes = {
					FF6C5EF322DE640200D0EB83 = {
						CreatedOnToolsVersion = 10.2.1;
					};
					FF6C5F0B22DE640300D0EB83 = {
						CreatedOnToolsVersion = 10.2.1;
						TestTargetID = FF6C5EF322DE640200D0EB83;
					};
					FF6C5F1622DE640300D0EB83 = {
						CreatedOnToolsVersion = 10.2.1;
						TestTargetID = FF6C5EF322DE640200D0EB83;
					};
				};
			};
			buildConfigurationList = FF6C5EEF22DE640200D0EB83 /* Build configuration list for PBXProject "Mytinerary" */;
			compatibilityVersion = "Xcode 9.3";
			developmentRegion = en;
			hasScannedForEncodings = 0;
			knownRegions = (
				en,
				Base,
			);
			mainGroup = FF6C5EEB22DE640200D0EB83;
			productRefGroup = FF6C5EF522DE640200D0EB83 /* Products */;
			projectDirPath = "";
			projectRoot = "";
			targets = (
				FF6C5EF322DE640200D0EB83 /* Mytinerary */,
				FF6C5F0B22DE640300D0EB83 /* MytineraryTests */,
				FF6C5F1622DE640300D0EB83 /* MytineraryUITests */,
			);
		};
/* End PBXProject section */

/* Begin PBXResourcesBuildPhase section */
		FF6C5EF222DE640200D0EB83 /* Resources */ = {
			isa = PBXResourcesBuildPhase;
			buildActionMask = 2147483647;
			files = (
				FF6C5F0422DE640200D0EB83 /* LaunchScreen.storyboard in Resources */,
				FF6C5F0122DE640200D0EB83 /* Assets.xcassets in Resources */,
				FF6C5EFF22DE640200D0EB83 /* Main.storyboard in Resources */,
			);
			runOnlyForDeploymentPostprocessing = 0;
		};
		FF6C5F0A22DE640300D0EB83 /* Resources */ = {
			isa = PBXResourcesBuildPhase;
			buildActionMask = 2147483647;
			files = (
			);
			runOnlyForDeploymentPostprocessing = 0;
		};
		FF6C5F1522DE640300D0EB83 /* Resources */ = {
			isa = PBXResourcesBuildPhase;
			buildActionMask = 2147483647;
			files = (
			);
			runOnlyForDeploymentPostprocessing = 0;
		};
/* End PBXResourcesBuildPhase section */

/* Begin PBXShellScriptBuildPhase section */
		498F3DA688477A00C6E6DACA /* [CP] Check Pods Manifest.lock */ = {
			isa = PBXShellScriptBuildPhase;
			buildActionMask = 2147483647;
			files = (
			);
			inputFileListPaths = (
			);
			inputPaths = (
				"${PODS_PODFILE_DIR_PATH}/Podfile.lock",
				"${PODS_ROOT}/Manifest.lock",
			);
			name = "[CP] Check Pods Manifest.lock";
			outputFileListPaths = (
			);
			outputPaths = (
				"$(DERIVED_FILE_DIR)/Pods-MytineraryUITests-checkManifestLockResult.txt",
			);
			runOnlyForDeploymentPostprocessing = 0;
			shellPath = /bin/sh;
			shellScript = "diff \"${PODS_PODFILE_DIR_PATH}/Podfile.lock\" \"${PODS_ROOT}/Manifest.lock\" > /dev/null\nif [ $? != 0 ] ; then\n    # print error to STDERR\n    echo \"error: The sandbox is not in sync with the Podfile.lock. Run 'pod install' or update your CocoaPods installation.\" >&2\n    exit 1\nfi\n# This output is used by Xcode 'outputs' to avoid re-running this script phase.\necho \"SUCCESS\" > \"${SCRIPT_OUTPUT_FILE_0}\"\n";
			showEnvVarsInLog = 0;
		};
		60A7897F05ABD3CCFF5424AD /* [CP] Check Pods Manifest.lock */ = {
			isa = PBXShellScriptBuildPhase;
			buildActionMask = 2147483647;
			files = (
			);
			inputFileListPaths = (
			);
			inputPaths = (
				"${PODS_PODFILE_DIR_PATH}/Podfile.lock",
				"${PODS_ROOT}/Manifest.lock",
			);
			name = "[CP] Check Pods Manifest.lock";
			outputFileListPaths = (
			);
			outputPaths = (
				"$(DERIVED_FILE_DIR)/Pods-MytineraryTests-checkManifestLockResult.txt",
			);
			runOnlyForDeploymentPostprocessing = 0;
			shellPath = /bin/sh;
			shellScript = "diff \"${PODS_PODFILE_DIR_PATH}/Podfile.lock\" \"${PODS_ROOT}/Manifest.lock\" > /dev/null\nif [ $? != 0 ] ; then\n    # print error to STDERR\n    echo \"error: The sandbox is not in sync with the Podfile.lock. Run 'pod install' or update your CocoaPods installation.\" >&2\n    exit 1\nfi\n# This output is used by Xcode 'outputs' to avoid re-running this script phase.\necho \"SUCCESS\" > \"${SCRIPT_OUTPUT_FILE_0}\"\n";
			showEnvVarsInLog = 0;
		};
		B1D23803AE6F8FD5E775C305 /* [CP] Embed Pods Frameworks */ = {
			isa = PBXShellScriptBuildPhase;
			buildActionMask = 2147483647;
			files = (
			);
			inputFileListPaths = (
				"${PODS_ROOT}/Target Support Files/Pods-Mytinerary/Pods-Mytinerary-frameworks-${CONFIGURATION}-input-files.xcfilelist",
			);
			name = "[CP] Embed Pods Frameworks";
			outputFileListPaths = (
				"${PODS_ROOT}/Target Support Files/Pods-Mytinerary/Pods-Mytinerary-frameworks-${CONFIGURATION}-output-files.xcfilelist",
			);
			runOnlyForDeploymentPostprocessing = 0;
			shellPath = /bin/sh;
			shellScript = "\"${PODS_ROOT}/Target Support Files/Pods-Mytinerary/Pods-Mytinerary-frameworks.sh\"\n";
			showEnvVarsInLog = 0;
		};
		D37B5B163F7E817AB3C2BA9F /* [CP] Check Pods Manifest.lock */ = {
			isa = PBXShellScriptBuildPhase;
			buildActionMask = 2147483647;
			files = (
			);
			inputFileListPaths = (
			);
			inputPaths = (
				"${PODS_PODFILE_DIR_PATH}/Podfile.lock",
				"${PODS_ROOT}/Manifest.lock",
			);
			name = "[CP] Check Pods Manifest.lock";
			outputFileListPaths = (
			);
			outputPaths = (
				"$(DERIVED_FILE_DIR)/Pods-Mytinerary-checkManifestLockResult.txt",
			);
			runOnlyForDeploymentPostprocessing = 0;
			shellPath = /bin/sh;
			shellScript = "diff \"${PODS_PODFILE_DIR_PATH}/Podfile.lock\" \"${PODS_ROOT}/Manifest.lock\" > /dev/null\nif [ $? != 0 ] ; then\n    # print error to STDERR\n    echo \"error: The sandbox is not in sync with the Podfile.lock. Run 'pod install' or update your CocoaPods installation.\" >&2\n    exit 1\nfi\n# This output is used by Xcode 'outputs' to avoid re-running this script phase.\necho \"SUCCESS\" > \"${SCRIPT_OUTPUT_FILE_0}\"\n";
			showEnvVarsInLog = 0;
		};
/* End PBXShellScriptBuildPhase section */

/* Begin PBXSourcesBuildPhase section */
		FF6C5EF022DE640200D0EB83 /* Sources */ = {
			isa = PBXSourcesBuildPhase;
			buildActionMask = 2147483647;
			files = (
				FF6C5F2E22DE868D00D0EB83 /* DailyCalendarViewController.m in Sources */,
				8495D7B122DF879600CFED2D /* ItineraryCollectionViewCell.m in Sources */,
				8448C0F522DFA2C800427FB2 /* User.m in Sources */,
				23F5A9E922DFE59A0084086B /* InputItineraryViewController.m in Sources */,
				8495D7A922DE8BDD00CFED2D /* LoginViewController.m in Sources */,
				8448C0F722DFA2C800427FB2 /* Event.m in Sources */,
				FF6C5EFC22DE640200D0EB83 /* ViewController.m in Sources */,
				FF6C5F3522DE8B8900D0EB83 /* DailyTableViewCell.m in Sources */,
				FF6C5F0722DE640200D0EB83 /* main.m in Sources */,
				8448C0F622DFA2C800427FB2 /* Itinerary.m in Sources */,
				FF6C5EF922DE640200D0EB83 /* AppDelegate.m in Sources */,
				8495D7AE22DE991B00CFED2D /* ProfileViewController.m in Sources */,
			);
			runOnlyForDeploymentPostprocessing = 0;
		};
		FF6C5F0822DE640300D0EB83 /* Sources */ = {
			isa = PBXSourcesBuildPhase;
			buildActionMask = 2147483647;
			files = (
				FF6C5F1122DE640300D0EB83 /* MytineraryTests.m in Sources */,
			);
			runOnlyForDeploymentPostprocessing = 0;
		};
		FF6C5F1322DE640300D0EB83 /* Sources */ = {
			isa = PBXSourcesBuildPhase;
			buildActionMask = 2147483647;
			files = (
				FF6C5F1C22DE640300D0EB83 /* MytineraryUITests.m in Sources */,
			);
			runOnlyForDeploymentPostprocessing = 0;
		};
/* End PBXSourcesBuildPhase section */

/* Begin PBXTargetDependency section */
		FF6C5F0E22DE640300D0EB83 /* PBXTargetDependency */ = {
			isa = PBXTargetDependency;
			target = FF6C5EF322DE640200D0EB83 /* Mytinerary */;
			targetProxy = FF6C5F0D22DE640300D0EB83 /* PBXContainerItemProxy */;
		};
		FF6C5F1922DE640300D0EB83 /* PBXTargetDependency */ = {
			isa = PBXTargetDependency;
			target = FF6C5EF322DE640200D0EB83 /* Mytinerary */;
			targetProxy = FF6C5F1822DE640300D0EB83 /* PBXContainerItemProxy */;
		};
/* End PBXTargetDependency section */

/* Begin PBXVariantGroup section */
		FF6C5EFD22DE640200D0EB83 /* Main.storyboard */ = {
			isa = PBXVariantGroup;
			children = (
				FF6C5EFE22DE640200D0EB83 /* Base */,
			);
			name = Main.storyboard;
			sourceTree = "<group>";
		};
		FF6C5F0222DE640200D0EB83 /* LaunchScreen.storyboard */ = {
			isa = PBXVariantGroup;
			children = (
				FF6C5F0322DE640200D0EB83 /* Base */,
			);
			name = LaunchScreen.storyboard;
			sourceTree = "<group>";
		};
/* End PBXVariantGroup section */

/* Begin XCBuildConfiguration section */
		FF6C5F1E22DE640300D0EB83 /* Debug */ = {
			isa = XCBuildConfiguration;
			buildSettings = {
				ALWAYS_SEARCH_USER_PATHS = NO;
				CLANG_ANALYZER_NONNULL = YES;
				CLANG_ANALYZER_NUMBER_OBJECT_CONVERSION = YES_AGGRESSIVE;
				CLANG_CXX_LANGUAGE_STANDARD = "gnu++14";
				CLANG_CXX_LIBRARY = "libc++";
				CLANG_ENABLE_MODULES = YES;
				CLANG_ENABLE_OBJC_ARC = YES;
				CLANG_ENABLE_OBJC_WEAK = YES;
				CLANG_WARN_BLOCK_CAPTURE_AUTORELEASING = YES;
				CLANG_WARN_BOOL_CONVERSION = YES;
				CLANG_WARN_COMMA = YES;
				CLANG_WARN_CONSTANT_CONVERSION = YES;
				CLANG_WARN_DEPRECATED_OBJC_IMPLEMENTATIONS = YES;
				CLANG_WARN_DIRECT_OBJC_ISA_USAGE = YES_ERROR;
				CLANG_WARN_DOCUMENTATION_COMMENTS = YES;
				CLANG_WARN_EMPTY_BODY = YES;
				CLANG_WARN_ENUM_CONVERSION = YES;
				CLANG_WARN_INFINITE_RECURSION = YES;
				CLANG_WARN_INT_CONVERSION = YES;
				CLANG_WARN_NON_LITERAL_NULL_CONVERSION = YES;
				CLANG_WARN_OBJC_IMPLICIT_RETAIN_SELF = YES;
				CLANG_WARN_OBJC_LITERAL_CONVERSION = YES;
				CLANG_WARN_OBJC_ROOT_CLASS = YES_ERROR;
				CLANG_WARN_RANGE_LOOP_ANALYSIS = YES;
				CLANG_WARN_STRICT_PROTOTYPES = YES;
				CLANG_WARN_SUSPICIOUS_MOVE = YES;
				CLANG_WARN_UNGUARDED_AVAILABILITY = YES_AGGRESSIVE;
				CLANG_WARN_UNREACHABLE_CODE = YES;
				CLANG_WARN__DUPLICATE_METHOD_MATCH = YES;
				CODE_SIGN_IDENTITY = "iPhone Developer";
				COPY_PHASE_STRIP = NO;
				DEBUG_INFORMATION_FORMAT = dwarf;
				ENABLE_STRICT_OBJC_MSGSEND = YES;
				ENABLE_TESTABILITY = YES;
				GCC_C_LANGUAGE_STANDARD = gnu11;
				GCC_DYNAMIC_NO_PIC = NO;
				GCC_NO_COMMON_BLOCKS = YES;
				GCC_OPTIMIZATION_LEVEL = 0;
				GCC_PREPROCESSOR_DEFINITIONS = (
					"DEBUG=1",
					"$(inherited)",
				);
				GCC_WARN_64_TO_32_BIT_CONVERSION = YES;
				GCC_WARN_ABOUT_RETURN_TYPE = YES_ERROR;
				GCC_WARN_UNDECLARED_SELECTOR = YES;
				GCC_WARN_UNINITIALIZED_AUTOS = YES_AGGRESSIVE;
				GCC_WARN_UNUSED_FUNCTION = YES;
				GCC_WARN_UNUSED_VARIABLE = YES;
				IPHONEOS_DEPLOYMENT_TARGET = 12.2;
				MTL_ENABLE_DEBUG_INFO = INCLUDE_SOURCE;
				MTL_FAST_MATH = YES;
				ONLY_ACTIVE_ARCH = YES;
				SDKROOT = iphoneos;
			};
			name = Debug;
		};
		FF6C5F1F22DE640300D0EB83 /* Release */ = {
			isa = XCBuildConfiguration;
			buildSettings = {
				ALWAYS_SEARCH_USER_PATHS = NO;
				CLANG_ANALYZER_NONNULL = YES;
				CLANG_ANALYZER_NUMBER_OBJECT_CONVERSION = YES_AGGRESSIVE;
				CLANG_CXX_LANGUAGE_STANDARD = "gnu++14";
				CLANG_CXX_LIBRARY = "libc++";
				CLANG_ENABLE_MODULES = YES;
				CLANG_ENABLE_OBJC_ARC = YES;
				CLANG_ENABLE_OBJC_WEAK = YES;
				CLANG_WARN_BLOCK_CAPTURE_AUTORELEASING = YES;
				CLANG_WARN_BOOL_CONVERSION = YES;
				CLANG_WARN_COMMA = YES;
				CLANG_WARN_CONSTANT_CONVERSION = YES;
				CLANG_WARN_DEPRECATED_OBJC_IMPLEMENTATIONS = YES;
				CLANG_WARN_DIRECT_OBJC_ISA_USAGE = YES_ERROR;
				CLANG_WARN_DOCUMENTATION_COMMENTS = YES;
				CLANG_WARN_EMPTY_BODY = YES;
				CLANG_WARN_ENUM_CONVERSION = YES;
				CLANG_WARN_INFINITE_RECURSION = YES;
				CLANG_WARN_INT_CONVERSION = YES;
				CLANG_WARN_NON_LITERAL_NULL_CONVERSION = YES;
				CLANG_WARN_OBJC_IMPLICIT_RETAIN_SELF = YES;
				CLANG_WARN_OBJC_LITERAL_CONVERSION = YES;
				CLANG_WARN_OBJC_ROOT_CLASS = YES_ERROR;
				CLANG_WARN_RANGE_LOOP_ANALYSIS = YES;
				CLANG_WARN_STRICT_PROTOTYPES = YES;
				CLANG_WARN_SUSPICIOUS_MOVE = YES;
				CLANG_WARN_UNGUARDED_AVAILABILITY = YES_AGGRESSIVE;
				CLANG_WARN_UNREACHABLE_CODE = YES;
				CLANG_WARN__DUPLICATE_METHOD_MATCH = YES;
				CODE_SIGN_IDENTITY = "iPhone Developer";
				COPY_PHASE_STRIP = NO;
				DEBUG_INFORMATION_FORMAT = "dwarf-with-dsym";
				ENABLE_NS_ASSERTIONS = NO;
				ENABLE_STRICT_OBJC_MSGSEND = YES;
				GCC_C_LANGUAGE_STANDARD = gnu11;
				GCC_NO_COMMON_BLOCKS = YES;
				GCC_WARN_64_TO_32_BIT_CONVERSION = YES;
				GCC_WARN_ABOUT_RETURN_TYPE = YES_ERROR;
				GCC_WARN_UNDECLARED_SELECTOR = YES;
				GCC_WARN_UNINITIALIZED_AUTOS = YES_AGGRESSIVE;
				GCC_WARN_UNUSED_FUNCTION = YES;
				GCC_WARN_UNUSED_VARIABLE = YES;
				IPHONEOS_DEPLOYMENT_TARGET = 12.2;
				MTL_ENABLE_DEBUG_INFO = NO;
				MTL_FAST_MATH = YES;
				SDKROOT = iphoneos;
				VALIDATE_PRODUCT = YES;
			};
			name = Release;
		};
		FF6C5F2122DE640300D0EB83 /* Debug */ = {
			isa = XCBuildConfiguration;
			baseConfigurationReference = 9623E20F6DCE89BAA631B91F /* Pods-Mytinerary.debug.xcconfig */;
			buildSettings = {
				ASSETCATALOG_COMPILER_APPICON_NAME = AppIcon;
				CODE_SIGN_STYLE = Automatic;
				DEVELOPMENT_TEAM = 82F2G2LCDZ;
				INFOPLIST_FILE = Mytinerary/Info.plist;
				LD_RUNPATH_SEARCH_PATHS = (
					"$(inherited)",
					"@executable_path/Frameworks",
				);
				PRODUCT_BUNDLE_IDENTIFIER = "com.michael.vargas99-gmail.com.Mytinerary";
				PRODUCT_NAME = "$(TARGET_NAME)";
				TARGETED_DEVICE_FAMILY = "1,2";
			};
			name = Debug;
		};
		FF6C5F2222DE640300D0EB83 /* Release */ = {
			isa = XCBuildConfiguration;
			baseConfigurationReference = 916214B740DE6507D8D4D3D1 /* Pods-Mytinerary.release.xcconfig */;
			buildSettings = {
				ASSETCATALOG_COMPILER_APPICON_NAME = AppIcon;
				CODE_SIGN_STYLE = Automatic;
				DEVELOPMENT_TEAM = 82F2G2LCDZ;
				INFOPLIST_FILE = Mytinerary/Info.plist;
				LD_RUNPATH_SEARCH_PATHS = (
					"$(inherited)",
					"@executable_path/Frameworks",
				);
				PRODUCT_BUNDLE_IDENTIFIER = "com.michael.vargas99-gmail.com.Mytinerary";
				PRODUCT_NAME = "$(TARGET_NAME)";
				TARGETED_DEVICE_FAMILY = "1,2";
			};
			name = Release;
		};
		FF6C5F2422DE640300D0EB83 /* Debug */ = {
			isa = XCBuildConfiguration;
			baseConfigurationReference = D62311D88DD929F67D92DCA2 /* Pods-MytineraryTests.debug.xcconfig */;
			buildSettings = {
				BUNDLE_LOADER = "$(TEST_HOST)";
				CODE_SIGN_STYLE = Automatic;
				DEVELOPMENT_TEAM = 82F2G2LCDZ;
				INFOPLIST_FILE = MytineraryTests/Info.plist;
				LD_RUNPATH_SEARCH_PATHS = (
					"$(inherited)",
					"@executable_path/Frameworks",
					"@loader_path/Frameworks",
				);
				PRODUCT_BUNDLE_IDENTIFIER = "com.michael.vargas99-gmail.com.MytineraryTests";
				PRODUCT_NAME = "$(TARGET_NAME)";
				TARGETED_DEVICE_FAMILY = "1,2";
				TEST_HOST = "$(BUILT_PRODUCTS_DIR)/Mytinerary.app/Mytinerary";
			};
			name = Debug;
		};
		FF6C5F2522DE640300D0EB83 /* Release */ = {
			isa = XCBuildConfiguration;
			baseConfigurationReference = A15B0DC2E73970253313AB4D /* Pods-MytineraryTests.release.xcconfig */;
			buildSettings = {
				BUNDLE_LOADER = "$(TEST_HOST)";
				CODE_SIGN_STYLE = Automatic;
				DEVELOPMENT_TEAM = 82F2G2LCDZ;
				INFOPLIST_FILE = MytineraryTests/Info.plist;
				LD_RUNPATH_SEARCH_PATHS = (
					"$(inherited)",
					"@executable_path/Frameworks",
					"@loader_path/Frameworks",
				);
				PRODUCT_BUNDLE_IDENTIFIER = "com.michael.vargas99-gmail.com.MytineraryTests";
				PRODUCT_NAME = "$(TARGET_NAME)";
				TARGETED_DEVICE_FAMILY = "1,2";
				TEST_HOST = "$(BUILT_PRODUCTS_DIR)/Mytinerary.app/Mytinerary";
			};
			name = Release;
		};
		FF6C5F2722DE640300D0EB83 /* Debug */ = {
			isa = XCBuildConfiguration;
			baseConfigurationReference = A79C438CDB5AA7C703E473D4 /* Pods-MytineraryUITests.debug.xcconfig */;
			buildSettings = {
				CODE_SIGN_STYLE = Automatic;
				DEVELOPMENT_TEAM = 82F2G2LCDZ;
				INFOPLIST_FILE = MytineraryUITests/Info.plist;
				LD_RUNPATH_SEARCH_PATHS = (
					"$(inherited)",
					"@executable_path/Frameworks",
					"@loader_path/Frameworks",
				);
				PRODUCT_BUNDLE_IDENTIFIER = "com.michael.vargas99-gmail.com.MytineraryUITests";
				PRODUCT_NAME = "$(TARGET_NAME)";
				TARGETED_DEVICE_FAMILY = "1,2";
				TEST_TARGET_NAME = Mytinerary;
			};
			name = Debug;
		};
		FF6C5F2822DE640300D0EB83 /* Release */ = {
			isa = XCBuildConfiguration;
			baseConfigurationReference = 9E1EB98CBB8F81D6B8432720 /* Pods-MytineraryUITests.release.xcconfig */;
			buildSettings = {
				CODE_SIGN_STYLE = Automatic;
				DEVELOPMENT_TEAM = 82F2G2LCDZ;
				INFOPLIST_FILE = MytineraryUITests/Info.plist;
				LD_RUNPATH_SEARCH_PATHS = (
					"$(inherited)",
					"@executable_path/Frameworks",
					"@loader_path/Frameworks",
				);
				PRODUCT_BUNDLE_IDENTIFIER = "com.michael.vargas99-gmail.com.MytineraryUITests";
				PRODUCT_NAME = "$(TARGET_NAME)";
				TARGETED_DEVICE_FAMILY = "1,2";
				TEST_TARGET_NAME = Mytinerary;
			};
			name = Release;
		};
/* End XCBuildConfiguration section */

/* Begin XCConfigurationList section */
		FF6C5EEF22DE640200D0EB83 /* Build configuration list for PBXProject "Mytinerary" */ = {
			isa = XCConfigurationList;
			buildConfigurations = (
				FF6C5F1E22DE640300D0EB83 /* Debug */,
				FF6C5F1F22DE640300D0EB83 /* Release */,
			);
			defaultConfigurationIsVisible = 0;
			defaultConfigurationName = Release;
		};
		FF6C5F2022DE640300D0EB83 /* Build configuration list for PBXNativeTarget "Mytinerary" */ = {
			isa = XCConfigurationList;
			buildConfigurations = (
				FF6C5F2122DE640300D0EB83 /* Debug */,
				FF6C5F2222DE640300D0EB83 /* Release */,
			);
			defaultConfigurationIsVisible = 0;
			defaultConfigurationName = Release;
		};
		FF6C5F2322DE640300D0EB83 /* Build configuration list for PBXNativeTarget "MytineraryTests" */ = {
			isa = XCConfigurationList;
			buildConfigurations = (
				FF6C5F2422DE640300D0EB83 /* Debug */,
				FF6C5F2522DE640300D0EB83 /* Release */,
			);
			defaultConfigurationIsVisible = 0;
			defaultConfigurationName = Release;
		};
		FF6C5F2622DE640300D0EB83 /* Build configuration list for PBXNativeTarget "MytineraryUITests" */ = {
			isa = XCConfigurationList;
			buildConfigurations = (
				FF6C5F2722DE640300D0EB83 /* Debug */,
				FF6C5F2822DE640300D0EB83 /* Release */,
			);
			defaultConfigurationIsVisible = 0;
			defaultConfigurationName = Release;
		};
/* End XCConfigurationList section */
	};
	rootObject = FF6C5EEC22DE640200D0EB83 /* Project object */;
}
