// !$*UTF8*$!
{
	archiveVersion = 1;
	classes = {
	};
	objectVersion = 51;
	objects = {

/* Begin PBXBuildFile section */
		04643C351E847C23F6577931 /* Pods_MytineraryUITests.framework in Frameworks */ = {isa = PBXBuildFile; fileRef = E49E5CF74D83A7C35B144F7A /* Pods_MytineraryUITests.framework */; };
		06B8D04C40E1C9F29C166801 /* Pods_Mytinerary.framework in Frameworks */ = {isa = PBXBuildFile; fileRef = 9FBBF0DECFB9E3F7EDAD49EC /* Pods_Mytinerary.framework */; };
		2393754A22EFA599002CBAA7 /* Directions.m in Sources */ = {isa = PBXBuildFile; fileRef = 2393754922EFA599002CBAA7 /* Directions.m */; };
		2393754C22EFA913002CBAA7 /* MapKit.framework in Frameworks */ = {isa = PBXBuildFile; fileRef = 2393754B22EFA913002CBAA7 /* MapKit.framework */; };
		2393755722F4A2D3002CBAA7 /* Keys.plist in Resources */ = {isa = PBXBuildFile; fileRef = FF0E77FE22F2010600CFEF9A /* Keys.plist */; };
		23F5A9E922DFE59A0084086B /* InputItineraryViewController.m in Sources */ = {isa = PBXBuildFile; fileRef = 23F5A9E822DFE59A0084086B /* InputItineraryViewController.m */; };
		23F5A9EC22E0D3890084086B /* EventInputSharedView.m in Sources */ = {isa = PBXBuildFile; fileRef = 23F5A9EB22E0D3890084086B /* EventInputSharedView.m */; };
		23F5A9EF22E0D9B50084086B /* InputEventViewController.m in Sources */ = {isa = PBXBuildFile; fileRef = 23F5A9EE22E0D9B50084086B /* InputEventViewController.m */; };
		23F5A9F222E0DEAD0084086B /* EventInputActivityView.m in Sources */ = {isa = PBXBuildFile; fileRef = 23F5A9F122E0DEAD0084086B /* EventInputActivityView.m */; };
		23F5AA3322E11F310084086B /* EventInputTransportationView.m in Sources */ = {isa = PBXBuildFile; fileRef = 23F5AA3222E11F310084086B /* EventInputTransportationView.m */; };
		23F5AA3622E120AB0084086B /* EventInputFoodView.m in Sources */ = {isa = PBXBuildFile; fileRef = 23F5AA3522E120AB0084086B /* EventInputFoodView.m */; };
		23F5AA3922E124380084086B /* EventInputHotelView.m in Sources */ = {isa = PBXBuildFile; fileRef = 23F5AA3822E124380084086B /* EventInputHotelView.m */; };
		23F5AA3C22E22DFA0084086B /* EventInputSubmitView.m in Sources */ = {isa = PBXBuildFile; fileRef = 23F5AA3B22E22DFA0084086B /* EventInputSubmitView.m */; };
		23F5AA4722E61DA40084086B /* EventDetailsTitleView.m in Sources */ = {isa = PBXBuildFile; fileRef = 23F5AA4622E61DA40084086B /* EventDetailsTitleView.m */; };
		23F5AA4A22E61DBE0084086B /* EventDetailsDescriptionView.m in Sources */ = {isa = PBXBuildFile; fileRef = 23F5AA4922E61DBE0084086B /* EventDetailsDescriptionView.m */; };
		23F5AA4D22E61DCF0084086B /* EventDetailsActivityView.m in Sources */ = {isa = PBXBuildFile; fileRef = 23F5AA4C22E61DCF0084086B /* EventDetailsActivityView.m */; };
		23F5AA5022E61DE10084086B /* EventDetailsTransportationView.m in Sources */ = {isa = PBXBuildFile; fileRef = 23F5AA4F22E61DE10084086B /* EventDetailsTransportationView.m */; };
		23F5AA5322E61DF40084086B /* EventDetailsFoodView.m in Sources */ = {isa = PBXBuildFile; fileRef = 23F5AA5222E61DF40084086B /* EventDetailsFoodView.m */; };
		23F5AA5622E61E090084086B /* EventDetailsHotelView.m in Sources */ = {isa = PBXBuildFile; fileRef = 23F5AA5522E61E090084086B /* EventDetailsHotelView.m */; };
		23F5AA6122E8DA630084086B /* Location.m in Sources */ = {isa = PBXBuildFile; fileRef = 23F5AA6022E8DA630084086B /* Location.m */; };
		23F5AA6622E9197F0084086B /* DateFormatter.m in Sources */ = {isa = PBXBuildFile; fileRef = 23F5AA6522E9197F0084086B /* DateFormatter.m */; };
		23F5AA6C22E92A7F0084086B /* EventTableViewCell.m in Sources */ = {isa = PBXBuildFile; fileRef = 23F5AA6B22E92A7F0084086B /* EventTableViewCell.m */; };
		23F5AA6F22EA0D480084086B /* Date.m in Sources */ = {isa = PBXBuildFile; fileRef = 23F5AA6E22EA0D480084086B /* Date.m */; };
		23F5AA7822EA3B020084086B /* DateHeaderTableViewCell.m in Sources */ = {isa = PBXBuildFile; fileRef = 23F5AA7722EA3B020084086B /* DateHeaderTableViewCell.m */; };
		23F5AA7B22EA7DA10084086B /* InputValidation.m in Sources */ = {isa = PBXBuildFile; fileRef = 23F5AA7A22EA7DA10084086B /* InputValidation.m */; };
		23F5AA7E22EBAF7E0084086B /* DailyCalendarEventUIView.m in Sources */ = {isa = PBXBuildFile; fileRef = 23F5AA7D22EBAF7E0084086B /* DailyCalendarEventUIView.m */; };
		8448C0F522DFA2C800427FB2 /* User.m in Sources */ = {isa = PBXBuildFile; fileRef = 8448C0EF22DFA2C800427FB2 /* User.m */; };
		8448C0F622DFA2C800427FB2 /* Itinerary.m in Sources */ = {isa = PBXBuildFile; fileRef = 8448C0F122DFA2C800427FB2 /* Itinerary.m */; };
		8448C0F722DFA2C800427FB2 /* Event.m in Sources */ = {isa = PBXBuildFile; fileRef = 8448C0F222DFA2C800427FB2 /* Event.m */; };
		8464D7C722F0ABE4009BB52C /* ViewController.m in Sources */ = {isa = PBXBuildFile; fileRef = 8464D7C622F0ABE4009BB52C /* ViewController.m */; };
		8468099522E7DD1F001F9F0C /* LocationCellTableViewCell.m in Sources */ = {isa = PBXBuildFile; fileRef = 8468099422E7DD1F001F9F0C /* LocationCellTableViewCell.m */; };
		8468099822E93EAF001F9F0C /* MyAnnotation.m in Sources */ = {isa = PBXBuildFile; fileRef = 8468099722E93EAF001F9F0C /* MyAnnotation.m */; };
		8495D7A922DE8BDD00CFED2D /* LoginViewController.m in Sources */ = {isa = PBXBuildFile; fileRef = 8495D7A822DE8BDD00CFED2D /* LoginViewController.m */; };
		8495D7AE22DE991B00CFED2D /* ProfileViewController.m in Sources */ = {isa = PBXBuildFile; fileRef = 8495D7AD22DE991B00CFED2D /* ProfileViewController.m */; };
		8495D7B122DF879600CFED2D /* ItineraryCollectionViewCell.m in Sources */ = {isa = PBXBuildFile; fileRef = 8495D7B022DF879600CFED2D /* ItineraryCollectionViewCell.m */; };
		84B581CE22F25316004BA82B /* PhotoViewController.m in Sources */ = {isa = PBXBuildFile; fileRef = 84B581CD22F25316004BA82B /* PhotoViewController.m */; };
		84B5E51722E10637006F4815 /* MapViewController.m in Sources */ = {isa = PBXBuildFile; fileRef = 84B5E51622E10637006F4815 /* MapViewController.m */; };
		C628AEE5E20C9C7409D9B734 /* Pods_MytineraryTests.framework in Frameworks */ = {isa = PBXBuildFile; fileRef = 58B8F33A939BCC86C8C98935 /* Pods_MytineraryTests.framework */; };
		FF05D5C522F3B0F8003014E3 /* SWRevealViewController.m in Sources */ = {isa = PBXBuildFile; fileRef = FF05D5C322F3B0F8003014E3 /* SWRevealViewController.m */; };
		FF0E77F522EA53A200CFEF9A /* WeekdayCollectionViewCell.m in Sources */ = {isa = PBXBuildFile; fileRef = FF0E77F422EA53A200CFEF9A /* WeekdayCollectionViewCell.m */; };
		FF0E77FB22EF8EF800CFEF9A /* DeleteItineraryTableViewCell.m in Sources */ = {isa = PBXBuildFile; fileRef = FF0E77FA22EF8EF800CFEF9A /* DeleteItineraryTableViewCell.m */; };
		FF0E780822F219BE00CFEF9A /* EventDetailsDeleteView.m in Sources */ = {isa = PBXBuildFile; fileRef = FF0E780722F219BE00CFEF9A /* EventDetailsDeleteView.m */; };
		FF0E780E22F35A8700CFEF9A /* Calendar.m in Sources */ = {isa = PBXBuildFile; fileRef = FF0E780D22F35A8700CFEF9A /* Calendar.m */; };
		FF47EC5F22E67B64001C0DA7 /* ProfileCollectionReusableView.m in Sources */ = {isa = PBXBuildFile; fileRef = FF47EC5E22E67B64001C0DA7 /* ProfileCollectionReusableView.m */; };
		FF47EC6722E7C829001C0DA7 /* SearchLocationViewController.m in Sources */ = {isa = PBXBuildFile; fileRef = FF47EC6622E7C829001C0DA7 /* SearchLocationViewController.m */; };
		FF6C5EF922DE640200D0EB83 /* AppDelegate.m in Sources */ = {isa = PBXBuildFile; fileRef = FF6C5EF822DE640200D0EB83 /* AppDelegate.m */; };
		FF6C5EFF22DE640200D0EB83 /* Main.storyboard in Resources */ = {isa = PBXBuildFile; fileRef = FF6C5EFD22DE640200D0EB83 /* Main.storyboard */; };
		FF6C5F0122DE640200D0EB83 /* Assets.xcassets in Resources */ = {isa = PBXBuildFile; fileRef = FF6C5F0022DE640200D0EB83 /* Assets.xcassets */; };
		FF6C5F0422DE640200D0EB83 /* LaunchScreen.storyboard in Resources */ = {isa = PBXBuildFile; fileRef = FF6C5F0222DE640200D0EB83 /* LaunchScreen.storyboard */; };
		FF6C5F0722DE640200D0EB83 /* main.m in Sources */ = {isa = PBXBuildFile; fileRef = FF6C5F0622DE640200D0EB83 /* main.m */; };
		FF6C5F1122DE640300D0EB83 /* MytineraryTests.m in Sources */ = {isa = PBXBuildFile; fileRef = FF6C5F1022DE640300D0EB83 /* MytineraryTests.m */; };
		FF6C5F1C22DE640300D0EB83 /* MytineraryUITests.m in Sources */ = {isa = PBXBuildFile; fileRef = FF6C5F1B22DE640300D0EB83 /* MytineraryUITests.m */; };
		FF6C5F2E22DE868D00D0EB83 /* DailyCalendarViewController.m in Sources */ = {isa = PBXBuildFile; fileRef = FF6C5F2D22DE868D00D0EB83 /* DailyCalendarViewController.m */; };
		FF6C5F3522DE8B8900D0EB83 /* DailyTableViewCell.m in Sources */ = {isa = PBXBuildFile; fileRef = FF6C5F3422DE8B8900D0EB83 /* DailyTableViewCell.m */; };
		FF9299D422F3A9D30027D782 /* ItineraryDetailsViewController.m in Sources */ = {isa = PBXBuildFile; fileRef = FF9299D022F3A9D30027D782 /* ItineraryDetailsViewController.m */; };
		FF9299D522F3A9D30027D782 /* EventDetailsViewController.m in Sources */ = {isa = PBXBuildFile; fileRef = FF9299D222F3A9D30027D782 /* EventDetailsViewController.m */; };
/* End PBXBuildFile section */

/* Begin PBXContainerItemProxy section */
		FF6C5F0D22DE640300D0EB83 /* PBXContainerItemProxy */ = {
			isa = PBXContainerItemProxy;
			containerPortal = FF6C5EEC22DE640200D0EB83 /* Project object */;
			proxyType = 1;
			remoteGlobalIDString = FF6C5EF322DE640200D0EB83;
			remoteInfo = Mytinerary;
		};
		FF6C5F1822DE640300D0EB83 /* PBXContainerItemProxy */ = {
			isa = PBXContainerItemProxy;
			containerPortal = FF6C5EEC22DE640200D0EB83 /* Project object */;
			proxyType = 1;
			remoteGlobalIDString = FF6C5EF322DE640200D0EB83;
			remoteInfo = Mytinerary;
		};
/* End PBXContainerItemProxy section */

/* Begin PBXFileReference section */
		2393754822EFA599002CBAA7 /* Directions.h */ = {isa = PBXFileReference; lastKnownFileType = sourcecode.c.h; path = Directions.h; sourceTree = "<group>"; };
		2393754922EFA599002CBAA7 /* Directions.m */ = {isa = PBXFileReference; lastKnownFileType = sourcecode.c.objc; path = Directions.m; sourceTree = "<group>"; };
		2393754B22EFA913002CBAA7 /* MapKit.framework */ = {isa = PBXFileReference; lastKnownFileType = wrapper.framework; name = MapKit.framework; path = System/Library/Frameworks/MapKit.framework; sourceTree = SDKROOT; };
		23F5A9E722DFE59A0084086B /* InputItineraryViewController.h */ = {isa = PBXFileReference; lastKnownFileType = sourcecode.c.h; path = InputItineraryViewController.h; sourceTree = "<group>"; };
		23F5A9E822DFE59A0084086B /* InputItineraryViewController.m */ = {isa = PBXFileReference; lastKnownFileType = sourcecode.c.objc; path = InputItineraryViewController.m; sourceTree = "<group>"; };
		23F5A9EA22E0D3890084086B /* EventInputSharedView.h */ = {isa = PBXFileReference; lastKnownFileType = sourcecode.c.h; path = EventInputSharedView.h; sourceTree = "<group>"; };
		23F5A9EB22E0D3890084086B /* EventInputSharedView.m */ = {isa = PBXFileReference; lastKnownFileType = sourcecode.c.objc; path = EventInputSharedView.m; sourceTree = "<group>"; };
		23F5A9ED22E0D9B50084086B /* InputEventViewController.h */ = {isa = PBXFileReference; lastKnownFileType = sourcecode.c.h; path = InputEventViewController.h; sourceTree = "<group>"; };
		23F5A9EE22E0D9B50084086B /* InputEventViewController.m */ = {isa = PBXFileReference; lastKnownFileType = sourcecode.c.objc; path = InputEventViewController.m; sourceTree = "<group>"; };
		23F5A9F022E0DEAD0084086B /* EventInputActivityView.h */ = {isa = PBXFileReference; lastKnownFileType = sourcecode.c.h; path = EventInputActivityView.h; sourceTree = "<group>"; };
		23F5A9F122E0DEAD0084086B /* EventInputActivityView.m */ = {isa = PBXFileReference; lastKnownFileType = sourcecode.c.objc; path = EventInputActivityView.m; sourceTree = "<group>"; };
		23F5AA3122E11F310084086B /* EventInputTransportationView.h */ = {isa = PBXFileReference; lastKnownFileType = sourcecode.c.h; path = EventInputTransportationView.h; sourceTree = "<group>"; };
		23F5AA3222E11F310084086B /* EventInputTransportationView.m */ = {isa = PBXFileReference; lastKnownFileType = sourcecode.c.objc; path = EventInputTransportationView.m; sourceTree = "<group>"; };
		23F5AA3422E120AB0084086B /* EventInputFoodView.h */ = {isa = PBXFileReference; lastKnownFileType = sourcecode.c.h; path = EventInputFoodView.h; sourceTree = "<group>"; };
		23F5AA3522E120AB0084086B /* EventInputFoodView.m */ = {isa = PBXFileReference; lastKnownFileType = sourcecode.c.objc; path = EventInputFoodView.m; sourceTree = "<group>"; };
		23F5AA3722E124380084086B /* EventInputHotelView.h */ = {isa = PBXFileReference; lastKnownFileType = sourcecode.c.h; path = EventInputHotelView.h; sourceTree = "<group>"; };
		23F5AA3822E124380084086B /* EventInputHotelView.m */ = {isa = PBXFileReference; lastKnownFileType = sourcecode.c.objc; path = EventInputHotelView.m; sourceTree = "<group>"; };
		23F5AA3A22E22DFA0084086B /* EventInputSubmitView.h */ = {isa = PBXFileReference; lastKnownFileType = sourcecode.c.h; path = EventInputSubmitView.h; sourceTree = "<group>"; };
		23F5AA3B22E22DFA0084086B /* EventInputSubmitView.m */ = {isa = PBXFileReference; lastKnownFileType = sourcecode.c.objc; path = EventInputSubmitView.m; sourceTree = "<group>"; };
		23F5AA4522E61DA40084086B /* EventDetailsTitleView.h */ = {isa = PBXFileReference; lastKnownFileType = sourcecode.c.h; path = EventDetailsTitleView.h; sourceTree = "<group>"; };
		23F5AA4622E61DA40084086B /* EventDetailsTitleView.m */ = {isa = PBXFileReference; lastKnownFileType = sourcecode.c.objc; path = EventDetailsTitleView.m; sourceTree = "<group>"; };
		23F5AA4822E61DBE0084086B /* EventDetailsDescriptionView.h */ = {isa = PBXFileReference; lastKnownFileType = sourcecode.c.h; path = EventDetailsDescriptionView.h; sourceTree = "<group>"; };
		23F5AA4922E61DBE0084086B /* EventDetailsDescriptionView.m */ = {isa = PBXFileReference; lastKnownFileType = sourcecode.c.objc; path = EventDetailsDescriptionView.m; sourceTree = "<group>"; };
		23F5AA4B22E61DCF0084086B /* EventDetailsActivityView.h */ = {isa = PBXFileReference; lastKnownFileType = sourcecode.c.h; path = EventDetailsActivityView.h; sourceTree = "<group>"; };
		23F5AA4C22E61DCF0084086B /* EventDetailsActivityView.m */ = {isa = PBXFileReference; lastKnownFileType = sourcecode.c.objc; path = EventDetailsActivityView.m; sourceTree = "<group>"; };
		23F5AA4E22E61DE10084086B /* EventDetailsTransportationView.h */ = {isa = PBXFileReference; lastKnownFileType = sourcecode.c.h; path = EventDetailsTransportationView.h; sourceTree = "<group>"; };
		23F5AA4F22E61DE10084086B /* EventDetailsTransportationView.m */ = {isa = PBXFileReference; lastKnownFileType = sourcecode.c.objc; path = EventDetailsTransportationView.m; sourceTree = "<group>"; };
		23F5AA5122E61DF40084086B /* EventDetailsFoodView.h */ = {isa = PBXFileReference; lastKnownFileType = sourcecode.c.h; path = EventDetailsFoodView.h; sourceTree = "<group>"; };
		23F5AA5222E61DF40084086B /* EventDetailsFoodView.m */ = {isa = PBXFileReference; lastKnownFileType = sourcecode.c.objc; path = EventDetailsFoodView.m; sourceTree = "<group>"; };
		23F5AA5422E61E090084086B /* EventDetailsHotelView.h */ = {isa = PBXFileReference; lastKnownFileType = sourcecode.c.h; path = EventDetailsHotelView.h; sourceTree = "<group>"; };
		23F5AA5522E61E090084086B /* EventDetailsHotelView.m */ = {isa = PBXFileReference; lastKnownFileType = sourcecode.c.objc; path = EventDetailsHotelView.m; sourceTree = "<group>"; };
		23F5AA5F22E8DA630084086B /* Location.h */ = {isa = PBXFileReference; lastKnownFileType = sourcecode.c.h; path = Location.h; sourceTree = "<group>"; };
		23F5AA6022E8DA630084086B /* Location.m */ = {isa = PBXFileReference; lastKnownFileType = sourcecode.c.objc; path = Location.m; sourceTree = "<group>"; };
		23F5AA6422E9197F0084086B /* DateFormatter.h */ = {isa = PBXFileReference; lastKnownFileType = sourcecode.c.h; path = DateFormatter.h; sourceTree = "<group>"; };
		23F5AA6522E9197F0084086B /* DateFormatter.m */ = {isa = PBXFileReference; lastKnownFileType = sourcecode.c.objc; path = DateFormatter.m; sourceTree = "<group>"; };
		23F5AA6A22E92A7F0084086B /* EventTableViewCell.h */ = {isa = PBXFileReference; lastKnownFileType = sourcecode.c.h; path = EventTableViewCell.h; sourceTree = "<group>"; };
		23F5AA6B22E92A7F0084086B /* EventTableViewCell.m */ = {isa = PBXFileReference; lastKnownFileType = sourcecode.c.objc; path = EventTableViewCell.m; sourceTree = "<group>"; };
		23F5AA6D22EA0D480084086B /* Date.h */ = {isa = PBXFileReference; lastKnownFileType = sourcecode.c.h; path = Date.h; sourceTree = "<group>"; };
		23F5AA6E22EA0D480084086B /* Date.m */ = {isa = PBXFileReference; lastKnownFileType = sourcecode.c.objc; path = Date.m; sourceTree = "<group>"; };
		23F5AA7622EA3B010084086B /* DateHeaderTableViewCell.h */ = {isa = PBXFileReference; lastKnownFileType = sourcecode.c.h; path = DateHeaderTableViewCell.h; sourceTree = "<group>"; };
		23F5AA7722EA3B020084086B /* DateHeaderTableViewCell.m */ = {isa = PBXFileReference; lastKnownFileType = sourcecode.c.objc; path = DateHeaderTableViewCell.m; sourceTree = "<group>"; };
		23F5AA7922EA7DA10084086B /* InputValidation.h */ = {isa = PBXFileReference; lastKnownFileType = sourcecode.c.h; path = InputValidation.h; sourceTree = "<group>"; };
		23F5AA7A22EA7DA10084086B /* InputValidation.m */ = {isa = PBXFileReference; lastKnownFileType = sourcecode.c.objc; path = InputValidation.m; sourceTree = "<group>"; };
		23F5AA7C22EBAF7E0084086B /* DailyCalendarEventUIView.h */ = {isa = PBXFileReference; lastKnownFileType = sourcecode.c.h; path = DailyCalendarEventUIView.h; sourceTree = "<group>"; };
		23F5AA7D22EBAF7E0084086B /* DailyCalendarEventUIView.m */ = {isa = PBXFileReference; lastKnownFileType = sourcecode.c.objc; path = DailyCalendarEventUIView.m; sourceTree = "<group>"; };
		58B8F33A939BCC86C8C98935 /* Pods_MytineraryTests.framework */ = {isa = PBXFileReference; explicitFileType = wrapper.framework; includeInIndex = 0; path = Pods_MytineraryTests.framework; sourceTree = BUILT_PRODUCTS_DIR; };
		8448C0EF22DFA2C800427FB2 /* User.m */ = {isa = PBXFileReference; fileEncoding = 4; lastKnownFileType = sourcecode.c.objc; path = User.m; sourceTree = "<group>"; };
		8448C0F022DFA2C800427FB2 /* Event.h */ = {isa = PBXFileReference; fileEncoding = 4; lastKnownFileType = sourcecode.c.h; path = Event.h; sourceTree = "<group>"; };
		8448C0F122DFA2C800427FB2 /* Itinerary.m */ = {isa = PBXFileReference; fileEncoding = 4; lastKnownFileType = sourcecode.c.objc; path = Itinerary.m; sourceTree = "<group>"; };
		8448C0F222DFA2C800427FB2 /* Event.m */ = {isa = PBXFileReference; fileEncoding = 4; lastKnownFileType = sourcecode.c.objc; path = Event.m; sourceTree = "<group>"; };
		8448C0F322DFA2C800427FB2 /* User.h */ = {isa = PBXFileReference; fileEncoding = 4; lastKnownFileType = sourcecode.c.h; path = User.h; sourceTree = "<group>"; };
		8448C0F422DFA2C800427FB2 /* Itinerary.h */ = {isa = PBXFileReference; fileEncoding = 4; lastKnownFileType = sourcecode.c.h; path = Itinerary.h; sourceTree = "<group>"; };
		8464D7C522F0ABE4009BB52C /* ViewController.h */ = {isa = PBXFileReference; lastKnownFileType = sourcecode.c.h; path = ViewController.h; sourceTree = "<group>"; };
		8464D7C622F0ABE4009BB52C /* ViewController.m */ = {isa = PBXFileReference; lastKnownFileType = sourcecode.c.objc; path = ViewController.m; sourceTree = "<group>"; };
		8468099322E7DD1F001F9F0C /* LocationCellTableViewCell.h */ = {isa = PBXFileReference; lastKnownFileType = sourcecode.c.h; path = LocationCellTableViewCell.h; sourceTree = "<group>"; };
		8468099422E7DD1F001F9F0C /* LocationCellTableViewCell.m */ = {isa = PBXFileReference; lastKnownFileType = sourcecode.c.objc; path = LocationCellTableViewCell.m; sourceTree = "<group>"; };
		8468099622E93EAF001F9F0C /* MyAnnotation.h */ = {isa = PBXFileReference; lastKnownFileType = sourcecode.c.h; path = MyAnnotation.h; sourceTree = "<group>"; };
		8468099722E93EAF001F9F0C /* MyAnnotation.m */ = {isa = PBXFileReference; lastKnownFileType = sourcecode.c.objc; path = MyAnnotation.m; sourceTree = "<group>"; };
		8495D7A722DE8BDD00CFED2D /* LoginViewController.h */ = {isa = PBXFileReference; lastKnownFileType = sourcecode.c.h; path = LoginViewController.h; sourceTree = "<group>"; };
		8495D7A822DE8BDD00CFED2D /* LoginViewController.m */ = {isa = PBXFileReference; lastKnownFileType = sourcecode.c.objc; path = LoginViewController.m; sourceTree = "<group>"; };
		8495D7AC22DE991B00CFED2D /* ProfileViewController.h */ = {isa = PBXFileReference; lastKnownFileType = sourcecode.c.h; path = ProfileViewController.h; sourceTree = "<group>"; };
		8495D7AD22DE991B00CFED2D /* ProfileViewController.m */ = {isa = PBXFileReference; lastKnownFileType = sourcecode.c.objc; path = ProfileViewController.m; sourceTree = "<group>"; };
		8495D7AF22DF879600CFED2D /* ItineraryCollectionViewCell.h */ = {isa = PBXFileReference; lastKnownFileType = sourcecode.c.h; path = ItineraryCollectionViewCell.h; sourceTree = "<group>"; };
		8495D7B022DF879600CFED2D /* ItineraryCollectionViewCell.m */ = {isa = PBXFileReference; lastKnownFileType = sourcecode.c.objc; path = ItineraryCollectionViewCell.m; sourceTree = "<group>"; };
		84B581CC22F25316004BA82B /* PhotoViewController.h */ = {isa = PBXFileReference; lastKnownFileType = sourcecode.c.h; path = PhotoViewController.h; sourceTree = "<group>"; };
		84B581CD22F25316004BA82B /* PhotoViewController.m */ = {isa = PBXFileReference; lastKnownFileType = sourcecode.c.objc; path = PhotoViewController.m; sourceTree = "<group>"; };
		84B5E51522E10637006F4815 /* MapViewController.h */ = {isa = PBXFileReference; lastKnownFileType = sourcecode.c.h; path = MapViewController.h; sourceTree = "<group>"; };
		84B5E51622E10637006F4815 /* MapViewController.m */ = {isa = PBXFileReference; lastKnownFileType = sourcecode.c.objc; path = MapViewController.m; sourceTree = "<group>"; };
		916214B740DE6507D8D4D3D1 /* Pods-Mytinerary.release.xcconfig */ = {isa = PBXFileReference; includeInIndex = 1; lastKnownFileType = text.xcconfig; name = "Pods-Mytinerary.release.xcconfig"; path = "Target Support Files/Pods-Mytinerary/Pods-Mytinerary.release.xcconfig"; sourceTree = "<group>"; };
		9623E20F6DCE89BAA631B91F /* Pods-Mytinerary.debug.xcconfig */ = {isa = PBXFileReference; includeInIndex = 1; lastKnownFileType = text.xcconfig; name = "Pods-Mytinerary.debug.xcconfig"; path = "Target Support Files/Pods-Mytinerary/Pods-Mytinerary.debug.xcconfig"; sourceTree = "<group>"; };
		9E1EB98CBB8F81D6B8432720 /* Pods-MytineraryUITests.release.xcconfig */ = {isa = PBXFileReference; includeInIndex = 1; lastKnownFileType = text.xcconfig; name = "Pods-MytineraryUITests.release.xcconfig"; path = "Target Support Files/Pods-MytineraryUITests/Pods-MytineraryUITests.release.xcconfig"; sourceTree = "<group>"; };
		9FBBF0DECFB9E3F7EDAD49EC /* Pods_Mytinerary.framework */ = {isa = PBXFileReference; explicitFileType = wrapper.framework; includeInIndex = 0; path = Pods_Mytinerary.framework; sourceTree = BUILT_PRODUCTS_DIR; };
		A15B0DC2E73970253313AB4D /* Pods-MytineraryTests.release.xcconfig */ = {isa = PBXFileReference; includeInIndex = 1; lastKnownFileType = text.xcconfig; name = "Pods-MytineraryTests.release.xcconfig"; path = "Target Support Files/Pods-MytineraryTests/Pods-MytineraryTests.release.xcconfig"; sourceTree = "<group>"; };
		A79C438CDB5AA7C703E473D4 /* Pods-MytineraryUITests.debug.xcconfig */ = {isa = PBXFileReference; includeInIndex = 1; lastKnownFileType = text.xcconfig; name = "Pods-MytineraryUITests.debug.xcconfig"; path = "Target Support Files/Pods-MytineraryUITests/Pods-MytineraryUITests.debug.xcconfig"; sourceTree = "<group>"; };
		D62311D88DD929F67D92DCA2 /* Pods-MytineraryTests.debug.xcconfig */ = {isa = PBXFileReference; includeInIndex = 1; lastKnownFileType = text.xcconfig; name = "Pods-MytineraryTests.debug.xcconfig"; path = "Target Support Files/Pods-MytineraryTests/Pods-MytineraryTests.debug.xcconfig"; sourceTree = "<group>"; };
		E49E5CF74D83A7C35B144F7A /* Pods_MytineraryUITests.framework */ = {isa = PBXFileReference; explicitFileType = wrapper.framework; includeInIndex = 0; path = Pods_MytineraryUITests.framework; sourceTree = BUILT_PRODUCTS_DIR; };
		FF05D5C322F3B0F8003014E3 /* SWRevealViewController.m */ = {isa = PBXFileReference; fileEncoding = 4; lastKnownFileType = sourcecode.c.objc; name = SWRevealViewController.m; path = ../../../Downloads/SWRevealViewController.m; sourceTree = "<group>"; };
		FF05D5C422F3B0F8003014E3 /* SWRevealViewController.h */ = {isa = PBXFileReference; fileEncoding = 4; lastKnownFileType = sourcecode.c.h; name = SWRevealViewController.h; path = ../../../Downloads/SWRevealViewController.h; sourceTree = "<group>"; };
		FF0E77F322EA53A200CFEF9A /* WeekdayCollectionViewCell.h */ = {isa = PBXFileReference; lastKnownFileType = sourcecode.c.h; path = WeekdayCollectionViewCell.h; sourceTree = "<group>"; };
		FF0E77F422EA53A200CFEF9A /* WeekdayCollectionViewCell.m */ = {isa = PBXFileReference; lastKnownFileType = sourcecode.c.objc; path = WeekdayCollectionViewCell.m; sourceTree = "<group>"; };
		FF0E77F922EF8EF800CFEF9A /* DeleteItineraryTableViewCell.h */ = {isa = PBXFileReference; lastKnownFileType = sourcecode.c.h; path = DeleteItineraryTableViewCell.h; sourceTree = "<group>"; };
		FF0E77FA22EF8EF800CFEF9A /* DeleteItineraryTableViewCell.m */ = {isa = PBXFileReference; lastKnownFileType = sourcecode.c.objc; path = DeleteItineraryTableViewCell.m; sourceTree = "<group>"; };
		FF0E77FE22F2010600CFEF9A /* Keys.plist */ = {isa = PBXFileReference; lastKnownFileType = text.plist.xml; path = Keys.plist; sourceTree = "<group>"; };
		FF0E780622F219BE00CFEF9A /* EventDetailsDeleteView.h */ = {isa = PBXFileReference; lastKnownFileType = sourcecode.c.h; path = EventDetailsDeleteView.h; sourceTree = "<group>"; };
		FF0E780722F219BE00CFEF9A /* EventDetailsDeleteView.m */ = {isa = PBXFileReference; lastKnownFileType = sourcecode.c.objc; path = EventDetailsDeleteView.m; sourceTree = "<group>"; };
		FF0E780C22F35A8700CFEF9A /* Calendar.h */ = {isa = PBXFileReference; lastKnownFileType = sourcecode.c.h; path = Calendar.h; sourceTree = "<group>"; };
		FF0E780D22F35A8700CFEF9A /* Calendar.m */ = {isa = PBXFileReference; lastKnownFileType = sourcecode.c.objc; path = Calendar.m; sourceTree = "<group>"; };
		FF47EC5D22E67B64001C0DA7 /* ProfileCollectionReusableView.h */ = {isa = PBXFileReference; lastKnownFileType = sourcecode.c.h; path = ProfileCollectionReusableView.h; sourceTree = "<group>"; };
		FF47EC5E22E67B64001C0DA7 /* ProfileCollectionReusableView.m */ = {isa = PBXFileReference; lastKnownFileType = sourcecode.c.objc; path = ProfileCollectionReusableView.m; sourceTree = "<group>"; };
		FF47EC6522E7C829001C0DA7 /* SearchLocationViewController.h */ = {isa = PBXFileReference; lastKnownFileType = sourcecode.c.h; path = SearchLocationViewController.h; sourceTree = "<group>"; };
		FF47EC6622E7C829001C0DA7 /* SearchLocationViewController.m */ = {isa = PBXFileReference; lastKnownFileType = sourcecode.c.objc; path = SearchLocationViewController.m; sourceTree = "<group>"; };
		FF6C5EF422DE640200D0EB83 /* Mytinerary.app */ = {isa = PBXFileReference; explicitFileType = wrapper.application; includeInIndex = 0; path = Mytinerary.app; sourceTree = BUILT_PRODUCTS_DIR; };
		FF6C5EF722DE640200D0EB83 /* AppDelegate.h */ = {isa = PBXFileReference; lastKnownFileType = sourcecode.c.h; path = AppDelegate.h; sourceTree = "<group>"; };
		FF6C5EF822DE640200D0EB83 /* AppDelegate.m */ = {isa = PBXFileReference; lastKnownFileType = sourcecode.c.objc; path = AppDelegate.m; sourceTree = "<group>"; };
		FF6C5EFE22DE640200D0EB83 /* Base */ = {isa = PBXFileReference; lastKnownFileType = file.storyboard; name = Base; path = Base.lproj/Main.storyboard; sourceTree = "<group>"; };
		FF6C5F0022DE640200D0EB83 /* Assets.xcassets */ = {isa = PBXFileReference; lastKnownFileType = folder.assetcatalog; path = Assets.xcassets; sourceTree = "<group>"; };
		FF6C5F0322DE640200D0EB83 /* Base */ = {isa = PBXFileReference; lastKnownFileType = file.storyboard; name = Base; path = Base.lproj/LaunchScreen.storyboard; sourceTree = "<group>"; };
		FF6C5F0522DE640200D0EB83 /* Info.plist */ = {isa = PBXFileReference; lastKnownFileType = text.plist.xml; path = Info.plist; sourceTree = "<group>"; };
		FF6C5F0622DE640200D0EB83 /* main.m */ = {isa = PBXFileReference; lastKnownFileType = sourcecode.c.objc; path = main.m; sourceTree = "<group>"; };
		FF6C5F0C22DE640300D0EB83 /* MytineraryTests.xctest */ = {isa = PBXFileReference; explicitFileType = wrapper.cfbundle; includeInIndex = 0; path = MytineraryTests.xctest; sourceTree = BUILT_PRODUCTS_DIR; };
		FF6C5F1022DE640300D0EB83 /* MytineraryTests.m */ = {isa = PBXFileReference; lastKnownFileType = sourcecode.c.objc; path = MytineraryTests.m; sourceTree = "<group>"; };
		FF6C5F1222DE640300D0EB83 /* Info.plist */ = {isa = PBXFileReference; lastKnownFileType = text.plist.xml; path = Info.plist; sourceTree = "<group>"; };
		FF6C5F1722DE640300D0EB83 /* MytineraryUITests.xctest */ = {isa = PBXFileReference; explicitFileType = wrapper.cfbundle; includeInIndex = 0; path = MytineraryUITests.xctest; sourceTree = BUILT_PRODUCTS_DIR; };
		FF6C5F1B22DE640300D0EB83 /* MytineraryUITests.m */ = {isa = PBXFileReference; lastKnownFileType = sourcecode.c.objc; path = MytineraryUITests.m; sourceTree = "<group>"; };
		FF6C5F1D22DE640300D0EB83 /* Info.plist */ = {isa = PBXFileReference; lastKnownFileType = text.plist.xml; path = Info.plist; sourceTree = "<group>"; };
		FF6C5F2C22DE868D00D0EB83 /* DailyCalendarViewController.h */ = {isa = PBXFileReference; lastKnownFileType = sourcecode.c.h; path = DailyCalendarViewController.h; sourceTree = "<group>"; };
		FF6C5F2D22DE868D00D0EB83 /* DailyCalendarViewController.m */ = {isa = PBXFileReference; lastKnownFileType = sourcecode.c.objc; path = DailyCalendarViewController.m; sourceTree = "<group>"; };
		FF6C5F3322DE8B8900D0EB83 /* DailyTableViewCell.h */ = {isa = PBXFileReference; lastKnownFileType = sourcecode.c.h; path = DailyTableViewCell.h; sourceTree = "<group>"; };
		FF6C5F3422DE8B8900D0EB83 /* DailyTableViewCell.m */ = {isa = PBXFileReference; lastKnownFileType = sourcecode.c.objc; path = DailyTableViewCell.m; sourceTree = "<group>"; };
		FF9299D022F3A9D30027D782 /* ItineraryDetailsViewController.m */ = {isa = PBXFileReference; fileEncoding = 4; lastKnownFileType = sourcecode.c.objc; path = ItineraryDetailsViewController.m; sourceTree = "<group>"; };
		FF9299D122F3A9D30027D782 /* ItineraryDetailsViewController.h */ = {isa = PBXFileReference; fileEncoding = 4; lastKnownFileType = sourcecode.c.h; path = ItineraryDetailsViewController.h; sourceTree = "<group>"; };
		FF9299D222F3A9D30027D782 /* EventDetailsViewController.m */ = {isa = PBXFileReference; fileEncoding = 4; lastKnownFileType = sourcecode.c.objc; path = EventDetailsViewController.m; sourceTree = "<group>"; };
		FF9299D322F3A9D30027D782 /* EventDetailsViewController.h */ = {isa = PBXFileReference; fileEncoding = 4; lastKnownFileType = sourcecode.c.h; path = EventDetailsViewController.h; sourceTree = "<group>"; };
/* End PBXFileReference section */

/* Begin PBXFrameworksBuildPhase section */
		FF6C5EF122DE640200D0EB83 /* Frameworks */ = {
			isa = PBXFrameworksBuildPhase;
			buildActionMask = 2147483647;
			files = (
				2393754C22EFA913002CBAA7 /* MapKit.framework in Frameworks */,
				06B8D04C40E1C9F29C166801 /* Pods_Mytinerary.framework in Frameworks */,
			);
			runOnlyForDeploymentPostprocessing = 0;
		};
		FF6C5F0922DE640300D0EB83 /* Frameworks */ = {
			isa = PBXFrameworksBuildPhase;
			buildActionMask = 2147483647;
			files = (
				C628AEE5E20C9C7409D9B734 /* Pods_MytineraryTests.framework in Frameworks */,
			);
			runOnlyForDeploymentPostprocessing = 0;
		};
		FF6C5F1422DE640300D0EB83 /* Frameworks */ = {
			isa = PBXFrameworksBuildPhase;
			buildActionMask = 2147483647;
			files = (
				04643C351E847C23F6577931 /* Pods_MytineraryUITests.framework in Frameworks */,
			);
			runOnlyForDeploymentPostprocessing = 0;
		};
/* End PBXFrameworksBuildPhase section */

/* Begin PBXGroup section */
		2393755122F0FA1B002CBAA7 /* Locations */ = {
			isa = PBXGroup;
			children = (
				2393754822EFA599002CBAA7 /* Directions.h */,
				2393754922EFA599002CBAA7 /* Directions.m */,
			);
			path = Locations;
			sourceTree = "<group>";
		};
		23F5AA4422E61D6E0084086B /* Event Input Views */ = {
			isa = PBXGroup;
			children = (
				23F5A9EA22E0D3890084086B /* EventInputSharedView.h */,
				23F5A9EB22E0D3890084086B /* EventInputSharedView.m */,
				23F5A9F022E0DEAD0084086B /* EventInputActivityView.h */,
				23F5A9F122E0DEAD0084086B /* EventInputActivityView.m */,
				23F5AA3122E11F310084086B /* EventInputTransportationView.h */,
				23F5AA3222E11F310084086B /* EventInputTransportationView.m */,
				23F5AA3422E120AB0084086B /* EventInputFoodView.h */,
				23F5AA3522E120AB0084086B /* EventInputFoodView.m */,
				23F5AA3722E124380084086B /* EventInputHotelView.h */,
				23F5AA3822E124380084086B /* EventInputHotelView.m */,
				23F5AA3A22E22DFA0084086B /* EventInputSubmitView.h */,
				23F5AA3B22E22DFA0084086B /* EventInputSubmitView.m */,
			);
			path = "Event Input Views";
			sourceTree = "<group>";
		};
		23F5AA5A22E62B600084086B /* Event Details Views */ = {
			isa = PBXGroup;
			children = (
				23F5AA4522E61DA40084086B /* EventDetailsTitleView.h */,
				23F5AA4622E61DA40084086B /* EventDetailsTitleView.m */,
				23F5AA4822E61DBE0084086B /* EventDetailsDescriptionView.h */,
				23F5AA4922E61DBE0084086B /* EventDetailsDescriptionView.m */,
				23F5AA4B22E61DCF0084086B /* EventDetailsActivityView.h */,
				23F5AA4C22E61DCF0084086B /* EventDetailsActivityView.m */,
				23F5AA4E22E61DE10084086B /* EventDetailsTransportationView.h */,
				23F5AA4F22E61DE10084086B /* EventDetailsTransportationView.m */,
				23F5AA5122E61DF40084086B /* EventDetailsFoodView.h */,
				23F5AA5222E61DF40084086B /* EventDetailsFoodView.m */,
				23F5AA5422E61E090084086B /* EventDetailsHotelView.h */,
				23F5AA5522E61E090084086B /* EventDetailsHotelView.m */,
				FF0E780622F219BE00CFEF9A /* EventDetailsDeleteView.h */,
				FF0E780722F219BE00CFEF9A /* EventDetailsDeleteView.m */,
			);
			path = "Event Details Views";
			sourceTree = "<group>";
		};
		23F5AA6322E919640084086B /* Utils */ = {
			isa = PBXGroup;
			children = (
				23F5AA6422E9197F0084086B /* DateFormatter.h */,
				23F5AA6522E9197F0084086B /* DateFormatter.m */,
				23F5AA6D22EA0D480084086B /* Date.h */,
				23F5AA6E22EA0D480084086B /* Date.m */,
				23F5AA7922EA7DA10084086B /* InputValidation.h */,
				23F5AA7A22EA7DA10084086B /* InputValidation.m */,
				FF0E780C22F35A8700CFEF9A /* Calendar.h */,
				FF0E780D22F35A8700CFEF9A /* Calendar.m */,
			);
			path = Utils;
			sourceTree = "<group>";
		};
		6E41998CE8EA405ABF1B9988 /* Frameworks */ = {
			isa = PBXGroup;
			children = (
				2393754B22EFA913002CBAA7 /* MapKit.framework */,
				9FBBF0DECFB9E3F7EDAD49EC /* Pods_Mytinerary.framework */,
				58B8F33A939BCC86C8C98935 /* Pods_MytineraryTests.framework */,
				E49E5CF74D83A7C35B144F7A /* Pods_MytineraryUITests.framework */,
			);
			name = Frameworks;
			sourceTree = "<group>";
		};
		8448C0EE22DFA2C800427FB2 /* Models */ = {
			isa = PBXGroup;
			children = (
				8448C0F322DFA2C800427FB2 /* User.h */,
				8448C0EF22DFA2C800427FB2 /* User.m */,
				8448C0F022DFA2C800427FB2 /* Event.h */,
				8448C0F222DFA2C800427FB2 /* Event.m */,
				8448C0F422DFA2C800427FB2 /* Itinerary.h */,
				8448C0F122DFA2C800427FB2 /* Itinerary.m */,
				23F5AA5F22E8DA630084086B /* Location.h */,
				23F5AA6022E8DA630084086B /* Location.m */,
			);
			path = Models;
			sourceTree = "<group>";
		};
		D7610695D09E61754239C1A7 /* Pods */ = {
			isa = PBXGroup;
			children = (
				9623E20F6DCE89BAA631B91F /* Pods-Mytinerary.debug.xcconfig */,
				916214B740DE6507D8D4D3D1 /* Pods-Mytinerary.release.xcconfig */,
				D62311D88DD929F67D92DCA2 /* Pods-MytineraryTests.debug.xcconfig */,
				A15B0DC2E73970253313AB4D /* Pods-MytineraryTests.release.xcconfig */,
				A79C438CDB5AA7C703E473D4 /* Pods-MytineraryUITests.debug.xcconfig */,
				9E1EB98CBB8F81D6B8432720 /* Pods-MytineraryUITests.release.xcconfig */,
			);
			path = Pods;
			sourceTree = "<group>";
		};
		FF0E77EF22EA532F00CFEF9A /* Calendar Views */ = {
			isa = PBXGroup;
			children = (
				FF6C5F3322DE8B8900D0EB83 /* DailyTableViewCell.h */,
				FF6C5F3422DE8B8900D0EB83 /* DailyTableViewCell.m */,
				FF0E77F322EA53A200CFEF9A /* WeekdayCollectionViewCell.h */,
				FF0E77F422EA53A200CFEF9A /* WeekdayCollectionViewCell.m */,
				23F5AA7C22EBAF7E0084086B /* DailyCalendarEventUIView.h */,
				23F5AA7D22EBAF7E0084086B /* DailyCalendarEventUIView.m */,
			);
			path = "Calendar Views";
			sourceTree = "<group>";
		};
		FF0E77FD22F1005500CFEF9A /* Details View Controllers */ = {
			isa = PBXGroup;
			children = (
				FF9299D322F3A9D30027D782 /* EventDetailsViewController.h */,
				FF9299D222F3A9D30027D782 /* EventDetailsViewController.m */,
				FF9299D122F3A9D30027D782 /* ItineraryDetailsViewController.h */,
				FF9299D022F3A9D30027D782 /* ItineraryDetailsViewController.m */,
			);
			path = "Details View Controllers";
			sourceTree = "<group>";
		};
		FF47EC6022E7C67E001C0DA7 /* Input View Controllers */ = {
			isa = PBXGroup;
			children = (
				23F5A9ED22E0D9B50084086B /* InputEventViewController.h */,
				23F5A9EE22E0D9B50084086B /* InputEventViewController.m */,
				23F5A9E722DFE59A0084086B /* InputItineraryViewController.h */,
				23F5A9E822DFE59A0084086B /* InputItineraryViewController.m */,
			);
			path = "Input View Controllers";
			sourceTree = "<group>";
		};
		FF47EC6122E7C68E001C0DA7 /* Location View Controllers */ = {
			isa = PBXGroup;
			children = (
				84B5E51522E10637006F4815 /* MapViewController.h */,
				84B5E51622E10637006F4815 /* MapViewController.m */,
				FF47EC6522E7C829001C0DA7 /* SearchLocationViewController.h */,
				FF47EC6622E7C829001C0DA7 /* SearchLocationViewController.m */,
			);
			path = "Location View Controllers";
			sourceTree = "<group>";
		};
		FF47EC6422E7C6AA001C0DA7 /* User View Controllers */ = {
			isa = PBXGroup;
			children = (
				8495D7AC22DE991B00CFED2D /* ProfileViewController.h */,
				8495D7AD22DE991B00CFED2D /* ProfileViewController.m */,
				8495D7A722DE8BDD00CFED2D /* LoginViewController.h */,
				8495D7A822DE8BDD00CFED2D /* LoginViewController.m */,
			);
			path = "User View Controllers";
			sourceTree = "<group>";
		};
		FF6C5EEB22DE640200D0EB83 = {
			isa = PBXGroup;
			children = (
				FF6C5EF622DE640200D0EB83 /* Mytinerary */,
				FF6C5F0F22DE640300D0EB83 /* MytineraryTests */,
				FF6C5F1A22DE640300D0EB83 /* MytineraryUITests */,
				FF6C5EF522DE640200D0EB83 /* Products */,
				D7610695D09E61754239C1A7 /* Pods */,
				6E41998CE8EA405ABF1B9988 /* Frameworks */,
			);
			sourceTree = "<group>";
		};
		FF6C5EF522DE640200D0EB83 /* Products */ = {
			isa = PBXGroup;
			children = (
				FF6C5EF422DE640200D0EB83 /* Mytinerary.app */,
				FF6C5F0C22DE640300D0EB83 /* MytineraryTests.xctest */,
				FF6C5F1722DE640300D0EB83 /* MytineraryUITests.xctest */,
			);
			name = Products;
			sourceTree = "<group>";
		};
		FF6C5EF622DE640200D0EB83 /* Mytinerary */ = {
			isa = PBXGroup;
			children = (
				2393755122F0FA1B002CBAA7 /* Locations */,
				8464D7C522F0ABE4009BB52C /* ViewController.h */,
				8464D7C622F0ABE4009BB52C /* ViewController.m */,
				FF05D5C422F3B0F8003014E3 /* SWRevealViewController.h */,
				FF05D5C322F3B0F8003014E3 /* SWRevealViewController.m */,
				FF6C5EF722DE640200D0EB83 /* AppDelegate.h */,
				FF6C5EF822DE640200D0EB83 /* AppDelegate.m */,
				23F5AA6322E919640084086B /* Utils */,
				FF6C5F2F22DE8B1900D0EB83 /* Views */,
				FF6C5F2B22DE865400D0EB83 /* View Controllers */,
				8448C0EE22DFA2C800427FB2 /* Models */,
				FF6C5EFD22DE640200D0EB83 /* Main.storyboard */,
				FF6C5F0022DE640200D0EB83 /* Assets.xcassets */,
				FF6C5F0222DE640200D0EB83 /* LaunchScreen.storyboard */,
				FF6C5F0522DE640200D0EB83 /* Info.plist */,
				FF0E77FE22F2010600CFEF9A /* Keys.plist */,
				FF6C5F0622DE640200D0EB83 /* main.m */,
			);
			path = Mytinerary;
			sourceTree = "<group>";
		};
		FF6C5F0F22DE640300D0EB83 /* MytineraryTests */ = {
			isa = PBXGroup;
			children = (
				FF6C5F1022DE640300D0EB83 /* MytineraryTests.m */,
				FF6C5F1222DE640300D0EB83 /* Info.plist */,
			);
			path = MytineraryTests;
			sourceTree = "<group>";
		};
		FF6C5F1A22DE640300D0EB83 /* MytineraryUITests */ = {
			isa = PBXGroup;
			children = (
				FF6C5F1B22DE640300D0EB83 /* MytineraryUITests.m */,
				FF6C5F1D22DE640300D0EB83 /* Info.plist */,
			);
			path = MytineraryUITests;
			sourceTree = "<group>";
		};
		FF6C5F2B22DE865400D0EB83 /* View Controllers */ = {
			isa = PBXGroup;
			children = (
				FF0E77FD22F1005500CFEF9A /* Details View Controllers */,
				FF47EC6022E7C67E001C0DA7 /* Input View Controllers */,
				84B581CC22F25316004BA82B /* PhotoViewController.h */,
				84B581CD22F25316004BA82B /* PhotoViewController.m */,
				FF47EC6122E7C68E001C0DA7 /* Location View Controllers */,
				FF47EC6422E7C6AA001C0DA7 /* User View Controllers */,
				FF6C5F2C22DE868D00D0EB83 /* DailyCalendarViewController.h */,
				FF6C5F2D22DE868D00D0EB83 /* DailyCalendarViewController.m */,
			);
			path = "View Controllers";
			sourceTree = "<group>";
		};
		FF6C5F2F22DE8B1900D0EB83 /* Views */ = {
			isa = PBXGroup;
			children = (
				8468099622E93EAF001F9F0C /* MyAnnotation.h */,
				8468099722E93EAF001F9F0C /* MyAnnotation.m */,
				FF0E77EF22EA532F00CFEF9A /* Calendar Views */,
				23F5AA4422E61D6E0084086B /* Event Input Views */,
				23F5AA5A22E62B600084086B /* Event Details Views */,
				8495D7AF22DF879600CFED2D /* ItineraryCollectionViewCell.h */,
				8495D7B022DF879600CFED2D /* ItineraryCollectionViewCell.m */,
				FF47EC5D22E67B64001C0DA7 /* ProfileCollectionReusableView.h */,
				FF47EC5E22E67B64001C0DA7 /* ProfileCollectionReusableView.m */,
				8468099322E7DD1F001F9F0C /* LocationCellTableViewCell.h */,
				8468099422E7DD1F001F9F0C /* LocationCellTableViewCell.m */,
				23F5AA6A22E92A7F0084086B /* EventTableViewCell.h */,
				23F5AA6B22E92A7F0084086B /* EventTableViewCell.m */,
				23F5AA7622EA3B010084086B /* DateHeaderTableViewCell.h */,
				23F5AA7722EA3B020084086B /* DateHeaderTableViewCell.m */,
				FF0E77F922EF8EF800CFEF9A /* DeleteItineraryTableViewCell.h */,
				FF0E77FA22EF8EF800CFEF9A /* DeleteItineraryTableViewCell.m */,
			);
			path = Views;
			sourceTree = "<group>";
		};
/* End PBXGroup section */

/* Begin PBXNativeTarget section */
		FF6C5EF322DE640200D0EB83 /* Mytinerary */ = {
			isa = PBXNativeTarget;
			buildConfigurationList = FF6C5F2022DE640300D0EB83 /* Build configuration list for PBXNativeTarget "Mytinerary" */;
			buildPhases = (
				D37B5B163F7E817AB3C2BA9F /* [CP] Check Pods Manifest.lock */,
				FF6C5EF022DE640200D0EB83 /* Sources */,
				FF6C5EF122DE640200D0EB83 /* Frameworks */,
				FF6C5EF222DE640200D0EB83 /* Resources */,
				B1D23803AE6F8FD5E775C305 /* [CP] Embed Pods Frameworks */,
			);
			buildRules = (
			);
			dependencies = (
			);
			name = Mytinerary;
			productName = Mytinerary;
			productReference = FF6C5EF422DE640200D0EB83 /* Mytinerary.app */;
			productType = "com.apple.product-type.application";
		};
		FF6C5F0B22DE640300D0EB83 /* MytineraryTests */ = {
			isa = PBXNativeTarget;
			buildConfigurationList = FF6C5F2322DE640300D0EB83 /* Build configuration list for PBXNativeTarget "MytineraryTests" */;
			buildPhases = (
				60A7897F05ABD3CCFF5424AD /* [CP] Check Pods Manifest.lock */,
				FF6C5F0822DE640300D0EB83 /* Sources */,
				FF6C5F0922DE640300D0EB83 /* Frameworks */,
				FF6C5F0A22DE640300D0EB83 /* Resources */,
			);
			buildRules = (
			);
			dependencies = (
				FF6C5F0E22DE640300D0EB83 /* PBXTargetDependency */,
			);
			name = MytineraryTests;
			productName = MytineraryTests;
			productReference = FF6C5F0C22DE640300D0EB83 /* MytineraryTests.xctest */;
			productType = "com.apple.product-type.bundle.unit-test";
		};
		FF6C5F1622DE640300D0EB83 /* MytineraryUITests */ = {
			isa = PBXNativeTarget;
			buildConfigurationList = FF6C5F2622DE640300D0EB83 /* Build configuration list for PBXNativeTarget "MytineraryUITests" */;
			buildPhases = (
				498F3DA688477A00C6E6DACA /* [CP] Check Pods Manifest.lock */,
				FF6C5F1322DE640300D0EB83 /* Sources */,
				FF6C5F1422DE640300D0EB83 /* Frameworks */,
				FF6C5F1522DE640300D0EB83 /* Resources */,
			);
			buildRules = (
			);
			dependencies = (
				FF6C5F1922DE640300D0EB83 /* PBXTargetDependency */,
			);
			name = MytineraryUITests;
			productName = MytineraryUITests;
			productReference = FF6C5F1722DE640300D0EB83 /* MytineraryUITests.xctest */;
			productType = "com.apple.product-type.bundle.ui-testing";
		};
/* End PBXNativeTarget section */

/* Begin PBXProject section */
		FF6C5EEC22DE640200D0EB83 /* Project object */ = {
			isa = PBXProject;
			attributes = {
				LastUpgradeCheck = 1020;
				ORGANIZATIONNAME = michaelvargas;
				TargetAttributes = {
					FF6C5EF322DE640200D0EB83 = {
						CreatedOnToolsVersion = 10.2.1;
						SystemCapabilities = {
							com.apple.Maps.iOS = {
								enabled = 1;
							};
						};
					};
					FF6C5F0B22DE640300D0EB83 = {
						CreatedOnToolsVersion = 10.2.1;
						TestTargetID = FF6C5EF322DE640200D0EB83;
					};
					FF6C5F1622DE640300D0EB83 = {
						CreatedOnToolsVersion = 10.2.1;
						TestTargetID = FF6C5EF322DE640200D0EB83;
					};
				};
			};
			buildConfigurationList = FF6C5EEF22DE640200D0EB83 /* Build configuration list for PBXProject "Mytinerary" */;
			compatibilityVersion = "Xcode 9.3";
			developmentRegion = en;
			hasScannedForEncodings = 0;
			knownRegions = (
				en,
				Base,
			);
			mainGroup = FF6C5EEB22DE640200D0EB83;
			productRefGroup = FF6C5EF522DE640200D0EB83 /* Products */;
			projectDirPath = "";
			projectRoot = "";
			targets = (
				FF6C5EF322DE640200D0EB83 /* Mytinerary */,
				FF6C5F0B22DE640300D0EB83 /* MytineraryTests */,
				FF6C5F1622DE640300D0EB83 /* MytineraryUITests */,
			);
		};
/* End PBXProject section */

/* Begin PBXResourcesBuildPhase section */
		FF6C5EF222DE640200D0EB83 /* Resources */ = {
			isa = PBXResourcesBuildPhase;
			buildActionMask = 2147483647;
			files = (
				2393755722F4A2D3002CBAA7 /* Keys.plist in Resources */,
				FF6C5F0422DE640200D0EB83 /* LaunchScreen.storyboard in Resources */,
				FF6C5F0122DE640200D0EB83 /* Assets.xcassets in Resources */,
				FF6C5EFF22DE640200D0EB83 /* Main.storyboard in Resources */,
			);
			runOnlyForDeploymentPostprocessing = 0;
		};
		FF6C5F0A22DE640300D0EB83 /* Resources */ = {
			isa = PBXResourcesBuildPhase;
			buildActionMask = 2147483647;
			files = (
			);
			runOnlyForDeploymentPostprocessing = 0;
		};
		FF6C5F1522DE640300D0EB83 /* Resources */ = {
			isa = PBXResourcesBuildPhase;
			buildActionMask = 2147483647;
			files = (
			);
			runOnlyForDeploymentPostprocessing = 0;
		};
/* End PBXResourcesBuildPhase section */

/* Begin PBXShellScriptBuildPhase section */
		498F3DA688477A00C6E6DACA /* [CP] Check Pods Manifest.lock */ = {
			isa = PBXShellScriptBuildPhase;
			buildActionMask = 2147483647;
			files = (
			);
			inputFileListPaths = (
			);
			inputPaths = (
				"${PODS_PODFILE_DIR_PATH}/Podfile.lock",
				"${PODS_ROOT}/Manifest.lock",
			);
			name = "[CP] Check Pods Manifest.lock";
			outputFileListPaths = (
			);
			outputPaths = (
				"$(DERIVED_FILE_DIR)/Pods-MytineraryUITests-checkManifestLockResult.txt",
			);
			runOnlyForDeploymentPostprocessing = 0;
			shellPath = /bin/sh;
			shellScript = "diff \"${PODS_PODFILE_DIR_PATH}/Podfile.lock\" \"${PODS_ROOT}/Manifest.lock\" > /dev/null\nif [ $? != 0 ] ; then\n    # print error to STDERR\n    echo \"error: The sandbox is not in sync with the Podfile.lock. Run 'pod install' or update your CocoaPods installation.\" >&2\n    exit 1\nfi\n# This output is used by Xcode 'outputs' to avoid re-running this script phase.\necho \"SUCCESS\" > \"${SCRIPT_OUTPUT_FILE_0}\"\n";
			showEnvVarsInLog = 0;
		};
		60A7897F05ABD3CCFF5424AD /* [CP] Check Pods Manifest.lock */ = {
			isa = PBXShellScriptBuildPhase;
			buildActionMask = 2147483647;
			files = (
			);
			inputFileListPaths = (
			);
			inputPaths = (
				"${PODS_PODFILE_DIR_PATH}/Podfile.lock",
				"${PODS_ROOT}/Manifest.lock",
			);
			name = "[CP] Check Pods Manifest.lock";
			outputFileListPaths = (
			);
			outputPaths = (
				"$(DERIVED_FILE_DIR)/Pods-MytineraryTests-checkManifestLockResult.txt",
			);
			runOnlyForDeploymentPostprocessing = 0;
			shellPath = /bin/sh;
			shellScript = "diff \"${PODS_PODFILE_DIR_PATH}/Podfile.lock\" \"${PODS_ROOT}/Manifest.lock\" > /dev/null\nif [ $? != 0 ] ; then\n    # print error to STDERR\n    echo \"error: The sandbox is not in sync with the Podfile.lock. Run 'pod install' or update your CocoaPods installation.\" >&2\n    exit 1\nfi\n# This output is used by Xcode 'outputs' to avoid re-running this script phase.\necho \"SUCCESS\" > \"${SCRIPT_OUTPUT_FILE_0}\"\n";
			showEnvVarsInLog = 0;
		};
		B1D23803AE6F8FD5E775C305 /* [CP] Embed Pods Frameworks */ = {
			isa = PBXShellScriptBuildPhase;
			buildActionMask = 2147483647;
			files = (
			);
			inputFileListPaths = (
				"${PODS_ROOT}/Target Support Files/Pods-Mytinerary/Pods-Mytinerary-frameworks-${CONFIGURATION}-input-files.xcfilelist",
			);
			name = "[CP] Embed Pods Frameworks";
			outputFileListPaths = (
				"${PODS_ROOT}/Target Support Files/Pods-Mytinerary/Pods-Mytinerary-frameworks-${CONFIGURATION}-output-files.xcfilelist",
			);
			runOnlyForDeploymentPostprocessing = 0;
			shellPath = /bin/sh;
			shellScript = "\"${PODS_ROOT}/Target Support Files/Pods-Mytinerary/Pods-Mytinerary-frameworks.sh\"\n";
			showEnvVarsInLog = 0;
		};
		D37B5B163F7E817AB3C2BA9F /* [CP] Check Pods Manifest.lock */ = {
			isa = PBXShellScriptBuildPhase;
			buildActionMask = 2147483647;
			files = (
			);
			inputFileListPaths = (
			);
			inputPaths = (
				"${PODS_PODFILE_DIR_PATH}/Podfile.lock",
				"${PODS_ROOT}/Manifest.lock",
			);
			name = "[CP] Check Pods Manifest.lock";
			outputFileListPaths = (
			);
			outputPaths = (
				"$(DERIVED_FILE_DIR)/Pods-Mytinerary-checkManifestLockResult.txt",
			);
			runOnlyForDeploymentPostprocessing = 0;
			shellPath = /bin/sh;
			shellScript = "diff \"${PODS_PODFILE_DIR_PATH}/Podfile.lock\" \"${PODS_ROOT}/Manifest.lock\" > /dev/null\nif [ $? != 0 ] ; then\n    # print error to STDERR\n    echo \"error: The sandbox is not in sync with the Podfile.lock. Run 'pod install' or update your CocoaPods installation.\" >&2\n    exit 1\nfi\n# This output is used by Xcode 'outputs' to avoid re-running this script phase.\necho \"SUCCESS\" > \"${SCRIPT_OUTPUT_FILE_0}\"\n";
			showEnvVarsInLog = 0;
		};
/* End PBXShellScriptBuildPhase section */

/* Begin PBXSourcesBuildPhase section */
		FF6C5EF022DE640200D0EB83 /* Sources */ = {
			isa = PBXSourcesBuildPhase;
			buildActionMask = 2147483647;
			files = (
				8464D7C722F0ABE4009BB52C /* ViewController.m in Sources */,
				23F5AA5322E61DF40084086B /* EventDetailsFoodView.m in Sources */,
				23F5A9F222E0DEAD0084086B /* EventInputActivityView.m in Sources */,
				FF05D5C522F3B0F8003014E3 /* SWRevealViewController.m in Sources */,
				23F5AA3922E124380084086B /* EventInputHotelView.m in Sources */,
				23F5AA4D22E61DCF0084086B /* EventDetailsActivityView.m in Sources */,
				23F5AA6122E8DA630084086B /* Location.m in Sources */,
				FF0E77F522EA53A200CFEF9A /* WeekdayCollectionViewCell.m in Sources */,
				FF6C5F2E22DE868D00D0EB83 /* DailyCalendarViewController.m in Sources */,
				FF9299D422F3A9D30027D782 /* ItineraryDetailsViewController.m in Sources */,
				23F5AA7822EA3B020084086B /* DateHeaderTableViewCell.m in Sources */,
				8495D7B122DF879600CFED2D /* ItineraryCollectionViewCell.m in Sources */,
				23F5AA6622E9197F0084086B /* DateFormatter.m in Sources */,
				8448C0F522DFA2C800427FB2 /* User.m in Sources */,
				23F5AA5022E61DE10084086B /* EventDetailsTransportationView.m in Sources */,
				23F5A9E922DFE59A0084086B /* InputItineraryViewController.m in Sources */,
				FF0E77FB22EF8EF800CFEF9A /* DeleteItineraryTableViewCell.m in Sources */,
				FF0E780822F219BE00CFEF9A /* EventDetailsDeleteView.m in Sources */,
				23F5AA3622E120AB0084086B /* EventInputFoodView.m in Sources */,
				23F5AA4A22E61DBE0084086B /* EventDetailsDescriptionView.m in Sources */,
				8495D7A922DE8BDD00CFED2D /* LoginViewController.m in Sources */,
				23F5AA6F22EA0D480084086B /* Date.m in Sources */,
				FF0E780E22F35A8700CFEF9A /* Calendar.m in Sources */,
				8448C0F722DFA2C800427FB2 /* Event.m in Sources */,
				23F5A9EF22E0D9B50084086B /* InputEventViewController.m in Sources */,
				23F5AA6C22E92A7F0084086B /* EventTableViewCell.m in Sources */,
				8468099822E93EAF001F9F0C /* MyAnnotation.m in Sources */,
				84B5E51722E10637006F4815 /* MapViewController.m in Sources */,
				8468099522E7DD1F001F9F0C /* LocationCellTableViewCell.m in Sources */,
				FF9299D522F3A9D30027D782 /* EventDetailsViewController.m in Sources */,
				84B581CE22F25316004BA82B /* PhotoViewController.m in Sources */,
				23F5AA5622E61E090084086B /* EventDetailsHotelView.m in Sources */,
				23F5AA4722E61DA40084086B /* EventDetailsTitleView.m in Sources */,
				2393754A22EFA599002CBAA7 /* Directions.m in Sources */,
				FF47EC5F22E67B64001C0DA7 /* ProfileCollectionReusableView.m in Sources */,
				FF6C5F3522DE8B8900D0EB83 /* DailyTableViewCell.m in Sources */,
				23F5A9EC22E0D3890084086B /* EventInputSharedView.m in Sources */,
				FF6C5F0722DE640200D0EB83 /* main.m in Sources */,
				8448C0F622DFA2C800427FB2 /* Itinerary.m in Sources */,
				FF6C5EF922DE640200D0EB83 /* AppDelegate.m in Sources */,
				23F5AA7B22EA7DA10084086B /* InputValidation.m in Sources */,
				23F5AA3322E11F310084086B /* EventInputTransportationView.m in Sources */,
				8495D7AE22DE991B00CFED2D /* ProfileViewController.m in Sources */,
				FF47EC6722E7C829001C0DA7 /* SearchLocationViewController.m in Sources */,
				23F5AA3C22E22DFA0084086B /* EventInputSubmitView.m in Sources */,
				23F5AA7E22EBAF7E0084086B /* DailyCalendarEventUIView.m in Sources */,
			);
			runOnlyForDeploymentPostprocessing = 0;
		};
		FF6C5F0822DE640300D0EB83 /* Sources */ = {
			isa = PBXSourcesBuildPhase;
			buildActionMask = 2147483647;
			files = (
				FF6C5F1122DE640300D0EB83 /* MytineraryTests.m in Sources */,
			);
			runOnlyForDeploymentPostprocessing = 0;
		};
		FF6C5F1322DE640300D0EB83 /* Sources */ = {
			isa = PBXSourcesBuildPhase;
			buildActionMask = 2147483647;
			files = (
				FF6C5F1C22DE640300D0EB83 /* MytineraryUITests.m in Sources */,
			);
			runOnlyForDeploymentPostprocessing = 0;
		};
/* End PBXSourcesBuildPhase section */

/* Begin PBXTargetDependency section */
		FF6C5F0E22DE640300D0EB83 /* PBXTargetDependency */ = {
			isa = PBXTargetDependency;
			target = FF6C5EF322DE640200D0EB83 /* Mytinerary */;
			targetProxy = FF6C5F0D22DE640300D0EB83 /* PBXContainerItemProxy */;
		};
		FF6C5F1922DE640300D0EB83 /* PBXTargetDependency */ = {
			isa = PBXTargetDependency;
			target = FF6C5EF322DE640200D0EB83 /* Mytinerary */;
			targetProxy = FF6C5F1822DE640300D0EB83 /* PBXContainerItemProxy */;
		};
/* End PBXTargetDependency section */

/* Begin PBXVariantGroup section */
		FF6C5EFD22DE640200D0EB83 /* Main.storyboard */ = {
			isa = PBXVariantGroup;
			children = (
				FF6C5EFE22DE640200D0EB83 /* Base */,
			);
			name = Main.storyboard;
			sourceTree = "<group>";
		};
		FF6C5F0222DE640200D0EB83 /* LaunchScreen.storyboard */ = {
			isa = PBXVariantGroup;
			children = (
				FF6C5F0322DE640200D0EB83 /* Base */,
			);
			name = LaunchScreen.storyboard;
			sourceTree = "<group>";
		};
/* End PBXVariantGroup section */

/* Begin XCBuildConfiguration section */
		FF6C5F1E22DE640300D0EB83 /* Debug */ = {
			isa = XCBuildConfiguration;
			buildSettings = {
				ALWAYS_SEARCH_USER_PATHS = NO;
				CLANG_ANALYZER_NONNULL = YES;
				CLANG_ANALYZER_NUMBER_OBJECT_CONVERSION = YES_AGGRESSIVE;
				CLANG_CXX_LANGUAGE_STANDARD = "gnu++14";
				CLANG_CXX_LIBRARY = "libc++";
				CLANG_ENABLE_MODULES = YES;
				CLANG_ENABLE_OBJC_ARC = YES;
				CLANG_ENABLE_OBJC_WEAK = YES;
				CLANG_WARN_BLOCK_CAPTURE_AUTORELEASING = YES;
				CLANG_WARN_BOOL_CONVERSION = YES;
				CLANG_WARN_COMMA = YES;
				CLANG_WARN_CONSTANT_CONVERSION = YES;
				CLANG_WARN_DEPRECATED_OBJC_IMPLEMENTATIONS = YES;
				CLANG_WARN_DIRECT_OBJC_ISA_USAGE = YES_ERROR;
				CLANG_WARN_DOCUMENTATION_COMMENTS = YES;
				CLANG_WARN_EMPTY_BODY = YES;
				CLANG_WARN_ENUM_CONVERSION = YES;
				CLANG_WARN_INFINITE_RECURSION = YES;
				CLANG_WARN_INT_CONVERSION = YES;
				CLANG_WARN_NON_LITERAL_NULL_CONVERSION = YES;
				CLANG_WARN_OBJC_IMPLICIT_RETAIN_SELF = YES;
				CLANG_WARN_OBJC_LITERAL_CONVERSION = YES;
				CLANG_WARN_OBJC_ROOT_CLASS = YES_ERROR;
				CLANG_WARN_RANGE_LOOP_ANALYSIS = YES;
				CLANG_WARN_STRICT_PROTOTYPES = YES;
				CLANG_WARN_SUSPICIOUS_MOVE = YES;
				CLANG_WARN_UNGUARDED_AVAILABILITY = YES_AGGRESSIVE;
				CLANG_WARN_UNREACHABLE_CODE = YES;
				CLANG_WARN__DUPLICATE_METHOD_MATCH = YES;
				CODE_SIGN_IDENTITY = "iPhone Developer";
				COPY_PHASE_STRIP = NO;
				DEBUG_INFORMATION_FORMAT = dwarf;
				ENABLE_STRICT_OBJC_MSGSEND = YES;
				ENABLE_TESTABILITY = YES;
				GCC_C_LANGUAGE_STANDARD = gnu11;
				GCC_DYNAMIC_NO_PIC = NO;
				GCC_NO_COMMON_BLOCKS = YES;
				GCC_OPTIMIZATION_LEVEL = 0;
				GCC_PREPROCESSOR_DEFINITIONS = (
					"DEBUG=1",
					"$(inherited)",
				);
				GCC_WARN_64_TO_32_BIT_CONVERSION = YES;
				GCC_WARN_ABOUT_RETURN_TYPE = YES_ERROR;
				GCC_WARN_UNDECLARED_SELECTOR = YES;
				GCC_WARN_UNINITIALIZED_AUTOS = YES_AGGRESSIVE;
				GCC_WARN_UNUSED_FUNCTION = YES;
				GCC_WARN_UNUSED_VARIABLE = YES;
				IPHONEOS_DEPLOYMENT_TARGET = 12.2;
				MTL_ENABLE_DEBUG_INFO = INCLUDE_SOURCE;
				MTL_FAST_MATH = YES;
				ONLY_ACTIVE_ARCH = YES;
				SDKROOT = iphoneos;
			};
			name = Debug;
		};
		FF6C5F1F22DE640300D0EB83 /* Release */ = {
			isa = XCBuildConfiguration;
			buildSettings = {
				ALWAYS_SEARCH_USER_PATHS = NO;
				CLANG_ANALYZER_NONNULL = YES;
				CLANG_ANALYZER_NUMBER_OBJECT_CONVERSION = YES_AGGRESSIVE;
				CLANG_CXX_LANGUAGE_STANDARD = "gnu++14";
				CLANG_CXX_LIBRARY = "libc++";
				CLANG_ENABLE_MODULES = YES;
				CLANG_ENABLE_OBJC_ARC = YES;
				CLANG_ENABLE_OBJC_WEAK = YES;
				CLANG_WARN_BLOCK_CAPTURE_AUTORELEASING = YES;
				CLANG_WARN_BOOL_CONVERSION = YES;
				CLANG_WARN_COMMA = YES;
				CLANG_WARN_CONSTANT_CONVERSION = YES;
				CLANG_WARN_DEPRECATED_OBJC_IMPLEMENTATIONS = YES;
				CLANG_WARN_DIRECT_OBJC_ISA_USAGE = YES_ERROR;
				CLANG_WARN_DOCUMENTATION_COMMENTS = YES;
				CLANG_WARN_EMPTY_BODY = YES;
				CLANG_WARN_ENUM_CONVERSION = YES;
				CLANG_WARN_INFINITE_RECURSION = YES;
				CLANG_WARN_INT_CONVERSION = YES;
				CLANG_WARN_NON_LITERAL_NULL_CONVERSION = YES;
				CLANG_WARN_OBJC_IMPLICIT_RETAIN_SELF = YES;
				CLANG_WARN_OBJC_LITERAL_CONVERSION = YES;
				CLANG_WARN_OBJC_ROOT_CLASS = YES_ERROR;
				CLANG_WARN_RANGE_LOOP_ANALYSIS = YES;
				CLANG_WARN_STRICT_PROTOTYPES = YES;
				CLANG_WARN_SUSPICIOUS_MOVE = YES;
				CLANG_WARN_UNGUARDED_AVAILABILITY = YES_AGGRESSIVE;
				CLANG_WARN_UNREACHABLE_CODE = YES;
				CLANG_WARN__DUPLICATE_METHOD_MATCH = YES;
				CODE_SIGN_IDENTITY = "iPhone Developer";
				COPY_PHASE_STRIP = NO;
				DEBUG_INFORMATION_FORMAT = "dwarf-with-dsym";
				ENABLE_NS_ASSERTIONS = NO;
				ENABLE_STRICT_OBJC_MSGSEND = YES;
				GCC_C_LANGUAGE_STANDARD = gnu11;
				GCC_NO_COMMON_BLOCKS = YES;
				GCC_WARN_64_TO_32_BIT_CONVERSION = YES;
				GCC_WARN_ABOUT_RETURN_TYPE = YES_ERROR;
				GCC_WARN_UNDECLARED_SELECTOR = YES;
				GCC_WARN_UNINITIALIZED_AUTOS = YES_AGGRESSIVE;
				GCC_WARN_UNUSED_FUNCTION = YES;
				GCC_WARN_UNUSED_VARIABLE = YES;
				IPHONEOS_DEPLOYMENT_TARGET = 12.2;
				MTL_ENABLE_DEBUG_INFO = NO;
				MTL_FAST_MATH = YES;
				SDKROOT = iphoneos;
				VALIDATE_PRODUCT = YES;
			};
			name = Release;
		};
		FF6C5F2122DE640300D0EB83 /* Debug */ = {
			isa = XCBuildConfiguration;
			baseConfigurationReference = 9623E20F6DCE89BAA631B91F /* Pods-Mytinerary.debug.xcconfig */;
			buildSettings = {
				ASSETCATALOG_COMPILER_APPICON_NAME = AppIcon;
				CODE_SIGN_STYLE = Automatic;
				DEVELOPMENT_TEAM = JW339Z77B6;
				INFOPLIST_FILE = Mytinerary/Info.plist;
				LD_RUNPATH_SEARCH_PATHS = (
					"$(inherited)",
					"@executable_path/Frameworks",
				);
				PRODUCT_BUNDLE_IDENTIFIER = com.Mytinerary;
				PRODUCT_NAME = "$(TARGET_NAME)";
				TARGETED_DEVICE_FAMILY = "1,2";
			};
			name = Debug;
		};
		FF6C5F2222DE640300D0EB83 /* Release */ = {
			isa = XCBuildConfiguration;
			baseConfigurationReference = 916214B740DE6507D8D4D3D1 /* Pods-Mytinerary.release.xcconfig */;
			buildSettings = {
				ASSETCATALOG_COMPILER_APPICON_NAME = AppIcon;
				CODE_SIGN_STYLE = Automatic;
				DEVELOPMENT_TEAM = JW339Z77B6;
				INFOPLIST_FILE = Mytinerary/Info.plist;
				LD_RUNPATH_SEARCH_PATHS = (
					"$(inherited)",
					"@executable_path/Frameworks",
				);
				PRODUCT_BUNDLE_IDENTIFIER = com.Mytinerary;
				PRODUCT_NAME = "$(TARGET_NAME)";
				TARGETED_DEVICE_FAMILY = "1,2";
			};
			name = Release;
		};
		FF6C5F2422DE640300D0EB83 /* Debug */ = {
			isa = XCBuildConfiguration;
			baseConfigurationReference = D62311D88DD929F67D92DCA2 /* Pods-MytineraryTests.debug.xcconfig */;
			buildSettings = {
				BUNDLE_LOADER = "$(TEST_HOST)";
				CODE_SIGN_STYLE = Automatic;
				DEVELOPMENT_TEAM = 82F2G2LCDZ;
				INFOPLIST_FILE = MytineraryTests/Info.plist;
				LD_RUNPATH_SEARCH_PATHS = (
					"$(inherited)",
					"@executable_path/Frameworks",
					"@loader_path/Frameworks",
				);
				PRODUCT_BUNDLE_IDENTIFIER = "com.michael.vargas99-gmail.com.MytineraryTests";
				PRODUCT_NAME = "$(TARGET_NAME)";
				TARGETED_DEVICE_FAMILY = "1,2";
				TEST_HOST = "$(BUILT_PRODUCTS_DIR)/Mytinerary.app/Mytinerary";
			};
			name = Debug;
		};
		FF6C5F2522DE640300D0EB83 /* Release */ = {
			isa = XCBuildConfiguration;
			baseConfigurationReference = A15B0DC2E73970253313AB4D /* Pods-MytineraryTests.release.xcconfig */;
			buildSettings = {
				BUNDLE_LOADER = "$(TEST_HOST)";
				CODE_SIGN_STYLE = Automatic;
				DEVELOPMENT_TEAM = 82F2G2LCDZ;
				INFOPLIST_FILE = MytineraryTests/Info.plist;
				LD_RUNPATH_SEARCH_PATHS = (
					"$(inherited)",
					"@executable_path/Frameworks",
					"@loader_path/Frameworks",
				);
				PRODUCT_BUNDLE_IDENTIFIER = "com.michael.vargas99-gmail.com.MytineraryTests";
				PRODUCT_NAME = "$(TARGET_NAME)";
				TARGETED_DEVICE_FAMILY = "1,2";
				TEST_HOST = "$(BUILT_PRODUCTS_DIR)/Mytinerary.app/Mytinerary";
			};
			name = Release;
		};
		FF6C5F2722DE640300D0EB83 /* Debug */ = {
			isa = XCBuildConfiguration;
			baseConfigurationReference = A79C438CDB5AA7C703E473D4 /* Pods-MytineraryUITests.debug.xcconfig */;
			buildSettings = {
				CODE_SIGN_STYLE = Automatic;
				DEVELOPMENT_TEAM = 82F2G2LCDZ;
				INFOPLIST_FILE = MytineraryUITests/Info.plist;
				LD_RUNPATH_SEARCH_PATHS = (
					"$(inherited)",
					"@executable_path/Frameworks",
					"@loader_path/Frameworks",
				);
				PRODUCT_BUNDLE_IDENTIFIER = "com.michael.vargas99-gmail.com.MytineraryUITests";
				PRODUCT_NAME = "$(TARGET_NAME)";
				TARGETED_DEVICE_FAMILY = "1,2";
				TEST_TARGET_NAME = Mytinerary;
			};
			name = Debug;
		};
		FF6C5F2822DE640300D0EB83 /* Release */ = {
			isa = XCBuildConfiguration;
			baseConfigurationReference = 9E1EB98CBB8F81D6B8432720 /* Pods-MytineraryUITests.release.xcconfig */;
			buildSettings = {
				CODE_SIGN_STYLE = Automatic;
				DEVELOPMENT_TEAM = 82F2G2LCDZ;
				INFOPLIST_FILE = MytineraryUITests/Info.plist;
				LD_RUNPATH_SEARCH_PATHS = (
					"$(inherited)",
					"@executable_path/Frameworks",
					"@loader_path/Frameworks",
				);
				PRODUCT_BUNDLE_IDENTIFIER = "com.michael.vargas99-gmail.com.MytineraryUITests";
				PRODUCT_NAME = "$(TARGET_NAME)";
				TARGETED_DEVICE_FAMILY = "1,2";
				TEST_TARGET_NAME = Mytinerary;
			};
			name = Release;
		};
/* End XCBuildConfiguration section */

/* Begin XCConfigurationList section */
		FF6C5EEF22DE640200D0EB83 /* Build configuration list for PBXProject "Mytinerary" */ = {
			isa = XCConfigurationList;
			buildConfigurations = (
				FF6C5F1E22DE640300D0EB83 /* Debug */,
				FF6C5F1F22DE640300D0EB83 /* Release */,
			);
			defaultConfigurationIsVisible = 0;
			defaultConfigurationName = Release;
		};
		FF6C5F2022DE640300D0EB83 /* Build configuration list for PBXNativeTarget "Mytinerary" */ = {
			isa = XCConfigurationList;
			buildConfigurations = (
				FF6C5F2122DE640300D0EB83 /* Debug */,
				FF6C5F2222DE640300D0EB83 /* Release */,
			);
			defaultConfigurationIsVisible = 0;
			defaultConfigurationName = Release;
		};
		FF6C5F2322DE640300D0EB83 /* Build configuration list for PBXNativeTarget "MytineraryTests" */ = {
			isa = XCConfigurationList;
			buildConfigurations = (
				FF6C5F2422DE640300D0EB83 /* Debug */,
				FF6C5F2522DE640300D0EB83 /* Release */,
			);
			defaultConfigurationIsVisible = 0;
			defaultConfigurationName = Release;
		};
		FF6C5F2622DE640300D0EB83 /* Build configuration list for PBXNativeTarget "MytineraryUITests" */ = {
			isa = XCConfigurationList;
			buildConfigurations = (
				FF6C5F2722DE640300D0EB83 /* Debug */,
				FF6C5F2822DE640300D0EB83 /* Release */,
			);
			defaultConfigurationIsVisible = 0;
			defaultConfigurationName = Release;
		};
/* End XCConfigurationList section */
	};
	rootObject = FF6C5EEC22DE640200D0EB83 /* Project object */;
}
